// !$*UTF8*$!
{
	archiveVersion = 1;
	classes = {
	};
	objectVersion = 74;
	objects = {

/* Begin PBXBuildFile section */
		5B0A42BF2CCE4F96004463D5 /* PZHelper-Watch in Frameworks */ = {isa = PBXBuildFile; productRef = 5B0A42BE2CCE4F96004463D5 /* PZHelper-Watch */; };
		5B10D8152CC6667600245B77 /* PZHelper in Frameworks */ = {isa = PBXBuildFile; productRef = 5B10D8142CC6667600245B77 /* PZHelper */; };
		5B258C822CCE890300131992 /* WidgetKit.framework in Frameworks */ = {isa = PBXBuildFile; fileRef = 5BD744292CC6B262007DE385 /* WidgetKit.framework */; };
		5B258C832CCE890300131992 /* SwiftUI.framework in Frameworks */ = {isa = PBXBuildFile; fileRef = 5BD7442B2CC6B262007DE385 /* SwiftUI.framework */; };
		5B258C8C2CCE890500131992 /* PizzaWatchAppExtension.appex in Embed Foundation Extensions */ = {isa = PBXBuildFile; fileRef = 5B258C812CCE890300131992 /* PizzaWatchAppExtension.appex */; settings = {ATTRIBUTES = (RemoveHeadersOnCopy, ); }; };
		5B258E232CCE8A0500131992 /* Defaults in Frameworks */ = {isa = PBXBuildFile; productRef = 5B258E222CCE8A0500131992 /* Defaults */; };
		5B258E252CCE8A0900131992 /* GITodayMaterialsKit in Frameworks */ = {isa = PBXBuildFile; productRef = 5B258E242CCE8A0900131992 /* GITodayMaterialsKit */; };
		5B258E272CCE8A0E00131992 /* PZAccountKit in Frameworks */ = {isa = PBXBuildFile; productRef = 5B258E262CCE8A0E00131992 /* PZAccountKit */; };
		5B258E292CCE8A1300131992 /* PZBaseKit in Frameworks */ = {isa = PBXBuildFile; productRef = 5B258E282CCE8A1300131992 /* PZBaseKit */; };
		5B258E2B2CCE8A1700131992 /* PZInGameEventKit in Frameworks */ = {isa = PBXBuildFile; productRef = 5B258E2A2CCE8A1700131992 /* PZInGameEventKit */; };
		5B258E2D2CCE8A1900131992 /* SFSafeSymbols in Frameworks */ = {isa = PBXBuildFile; productRef = 5B258E2C2CCE8A1900131992 /* SFSafeSymbols */; };
		5B258E2F2CCE8A1D00131992 /* WallpaperKit in Frameworks */ = {isa = PBXBuildFile; productRef = 5B258E2E2CCE8A1D00131992 /* WallpaperKit */; };
		5B2DC8292CC2A78A00958F85 /* PZInGameEventKit in Resources */ = {isa = PBXBuildFile; fileRef = 5B2DC8282CC2A78A00958F85 /* PZInGameEventKit */; };
		5B560A0F2C6BB5BB00175FB1 /* InfoPlist.xcstrings in Resources */ = {isa = PBXBuildFile; fileRef = 5B560A0E2C6BB5BB00175FB1 /* InfoPlist.xcstrings */; };
		5B560A192C6BBB8300175FB1 /* Settings.bundle in Resources */ = {isa = PBXBuildFile; fileRef = 5B560A172C6BBB8300175FB1 /* Settings.bundle */; };
		5B6F380C2CCE4EDE0081A23D /* PizzaWatchApp.app in Embed Watch Content */ = {isa = PBXBuildFile; fileRef = 5B6F37FF2CCE4EDC0081A23D /* PizzaWatchApp.app */; platformFilter = ios; settings = {ATTRIBUTES = (RemoveHeadersOnCopy, ); }; };
		5B8FF7092E24D14D0014696F /* SwiftData.framework in Frameworks */ = {isa = PBXBuildFile; fileRef = 5B8FF7082E24D14C0014696F /* SwiftData.framework */; settings = {ATTRIBUTES = (Weak, ); }; };
		5B8FF70A2E24D1580014696F /* SwiftData.framework in Frameworks */ = {isa = PBXBuildFile; fileRef = 5B8FF7082E24D14C0014696F /* SwiftData.framework */; settings = {ATTRIBUTES = (Weak, ); }; };
		5BB1392D2E1F892500D1F169 /* Intents.framework in Frameworks */ = {isa = PBXBuildFile; fileRef = 5BB1392C2E1F892500D1F169 /* Intents.framework */; };
		5BB139342E1F892500D1F169 /* INIntents4iOS16.appex in Embed Foundation Extensions */ = {isa = PBXBuildFile; fileRef = 5BB1392B2E1F892500D1F169 /* INIntents4iOS16.appex */; settings = {ATTRIBUTES = (RemoveHeadersOnCopy, ); }; };
		5BD0D0F52C6A653500DA8099 /* PZHelper in Frameworks */ = {isa = PBXBuildFile; productRef = 5BD0D0F42C6A653500DA8099 /* PZHelper */; };
		5BD7442A2CC6B262007DE385 /* WidgetKit.framework in Frameworks */ = {isa = PBXBuildFile; fileRef = 5BD744292CC6B262007DE385 /* WidgetKit.framework */; };
		5BD7442C2CC6B262007DE385 /* SwiftUI.framework in Frameworks */ = {isa = PBXBuildFile; fileRef = 5BD7442B2CC6B262007DE385 /* SwiftUI.framework */; };
		5BD7443D2CC6B264007DE385 /* WidgetExtension.appex in Embed Foundation Extensions */ = {isa = PBXBuildFile; fileRef = 5BD744282CC6B262007DE385 /* WidgetExtension.appex */; settings = {ATTRIBUTES = (RemoveHeadersOnCopy, ); }; };
		5BDA29DC2C69EE5F009640D1 /* Localizable.xcstrings in Resources */ = {isa = PBXBuildFile; fileRef = 5BDA29DB2C69EE5F009640D1 /* Localizable.xcstrings */; };
		5BDB94A42CDB57E100488574 /* PZWidgetsKit in Frameworks */ = {isa = PBXBuildFile; productRef = 5BDB94A32CDB57E100488574 /* PZWidgetsKit */; };
		5BDB94A62CDB57E600488574 /* PZWidgetsKit in Frameworks */ = {isa = PBXBuildFile; productRef = 5BDB94A52CDB57E600488574 /* PZWidgetsKit */; };
		5BF798312E1FAA8B00CBB24C /* Defaults in Frameworks */ = {isa = PBXBuildFile; productRef = 5BF798302E1FAA8B00CBB24C /* Defaults */; };
		5BF798332E1FAA9200CBB24C /* PZAccountKit in Frameworks */ = {isa = PBXBuildFile; productRef = 5BF798322E1FAA9200CBB24C /* PZAccountKit */; };
		5BF798352E1FAA9700CBB24C /* WallpaperKit in Frameworks */ = {isa = PBXBuildFile; productRef = 5BF798342E1FAA9700CBB24C /* WallpaperKit */; };
		5BF798392E1FAB0100CBB24C /* PZWidgetsKit in Frameworks */ = {isa = PBXBuildFile; productRef = 5BF798382E1FAB0100CBB24C /* PZWidgetsKit */; };
		5BFB9D2A2C6BBCE700DC648F /* PrivacyInfo.xcprivacy in Resources */ = {isa = PBXBuildFile; fileRef = 5BFB9D292C6BBCE700DC648F /* PrivacyInfo.xcprivacy */; };
		5BFCA0542CCDFFE300F182C7 /* PZBaseKit in Frameworks */ = {isa = PBXBuildFile; productRef = 5BFCA0532CCDFFE300F182C7 /* PZBaseKit */; };
		5BFCA0562CCDFFEA00F182C7 /* PZAccountKit in Frameworks */ = {isa = PBXBuildFile; productRef = 5BFCA0552CCDFFEA00F182C7 /* PZAccountKit */; };
		5BFCA0582CCDFFEE00F182C7 /* WallpaperKit in Frameworks */ = {isa = PBXBuildFile; productRef = 5BFCA0572CCDFFEE00F182C7 /* WallpaperKit */; };
		5BFCA05A2CCDFFFC00F182C7 /* PZInGameEventKit in Frameworks */ = {isa = PBXBuildFile; productRef = 5BFCA0592CCDFFFC00F182C7 /* PZInGameEventKit */; };
		5BFCA05D2CCE002700F182C7 /* SFSafeSymbols in Frameworks */ = {isa = PBXBuildFile; productRef = 5BFCA05C2CCE002700F182C7 /* SFSafeSymbols */; };
		5BFCA0602CCE003A00F182C7 /* Defaults in Frameworks */ = {isa = PBXBuildFile; productRef = 5BFCA05F2CCE003A00F182C7 /* Defaults */; };
		5BFCA19B2CCE022200F182C7 /* GITodayMaterialsKit in Frameworks */ = {isa = PBXBuildFile; productRef = 5BFCA19A2CCE022200F182C7 /* GITodayMaterialsKit */; };
		5BFD6B902C628CD8000A63E9 /* UnitedPizzaHelperApp.swift in Sources */ = {isa = PBXBuildFile; fileRef = 5BFD6B8F2C628CD8000A63E9 /* UnitedPizzaHelperApp.swift */; };
		5BFD6B962C628CDA000A63E9 /* Assets.xcassets in Resources */ = {isa = PBXBuildFile; fileRef = 5BFD6B952C628CDA000A63E9 /* Assets.xcassets */; };
		5BFD6B992C628CDA000A63E9 /* Preview Assets.xcassets in Resources */ = {isa = PBXBuildFile; fileRef = 5BFD6B982C628CDA000A63E9 /* Preview Assets.xcassets */; };
		5BFD6BAF2C628EE5000A63E9 /* LICENSE in Resources */ = {isa = PBXBuildFile; fileRef = 5BFD6BAB2C628EDA000A63E9 /* LICENSE */; };
/* End PBXBuildFile section */

/* Begin PBXContainerItemProxy section */
		5B258C8A2CCE890500131992 /* PBXContainerItemProxy */ = {
			isa = PBXContainerItemProxy;
			containerPortal = 5BFD6B842C628CD8000A63E9 /* Project object */;
			proxyType = 1;
			remoteGlobalIDString = 5B258C802CCE890300131992;
			remoteInfo = WatchExtensionExtension;
		};
		5B6F380A2CCE4EDE0081A23D /* PBXContainerItemProxy */ = {
			isa = PBXContainerItemProxy;
			containerPortal = 5BFD6B842C628CD8000A63E9 /* Project object */;
			proxyType = 1;
			remoteGlobalIDString = 5B6F37FE2CCE4EDC0081A23D;
			remoteInfo = WatchApp;
		};
		5B89502B2E22A65300E3C183 /* PBXContainerItemProxy */ = {
			isa = PBXContainerItemProxy;
			containerPortal = 5BFD6B842C628CD8000A63E9 /* Project object */;
			proxyType = 1;
			remoteGlobalIDString = 5BB1392A2E1F892500D1F169;
			remoteInfo = INIntents4iOS16;
		};
		5BD7443B2CC6B264007DE385 /* PBXContainerItemProxy */ = {
			isa = PBXContainerItemProxy;
			containerPortal = 5BFD6B842C628CD8000A63E9 /* Project object */;
			proxyType = 1;
			remoteGlobalIDString = 5BD744272CC6B262007DE385;
			remoteInfo = WidgetExtensionExtension;
		};
/* End PBXContainerItemProxy section */

/* Begin PBXCopyFilesBuildPhase section */
		5B0A42BD2CCE4F7D004463D5 /* Embed Foundation Extensions */ = {
			isa = PBXCopyFilesBuildPhase;
			buildActionMask = 2147483647;
			dstPath = "";
			dstSubfolderSpec = 13;
			files = (
				5B258C8C2CCE890500131992 /* PizzaWatchAppExtension.appex in Embed Foundation Extensions */,
			);
			name = "Embed Foundation Extensions";
			runOnlyForDeploymentPostprocessing = 0;
		};
		5B6F380D2CCE4EDE0081A23D /* Embed Watch Content */ = {
			isa = PBXCopyFilesBuildPhase;
			buildActionMask = 2147483647;
			dstPath = "$(CONTENTS_FOLDER_PATH)/Watch";
			dstSubfolderSpec = 16;
			files = (
				5B6F380C2CCE4EDE0081A23D /* PizzaWatchApp.app in Embed Watch Content */,
			);
			name = "Embed Watch Content";
			runOnlyForDeploymentPostprocessing = 0;
		};
		5BD7443F2CC6B265007DE385 /* Embed Foundation Extensions */ = {
			isa = PBXCopyFilesBuildPhase;
			buildActionMask = 2147483647;
			dstPath = "";
			dstSubfolderSpec = 13;
			files = (
				5BD7443D2CC6B264007DE385 /* WidgetExtension.appex in Embed Foundation Extensions */,
				5BB139342E1F892500D1F169 /* INIntents4iOS16.appex in Embed Foundation Extensions */,
			);
			name = "Embed Foundation Extensions";
			runOnlyForDeploymentPostprocessing = 0;
		};
/* End PBXCopyFilesBuildPhase section */

/* Begin PBXFileReference section */
		5B02FD042E182DB0003E26D3 /* PZCoreDataKit */ = {isa = PBXFileReference; lastKnownFileType = wrapper; path = PZCoreDataKit; sourceTree = "<group>"; };
		5B10D7F12CC6636C00245B77 /* Pizza Helper.app */ = {isa = PBXFileReference; explicitFileType = wrapper.application; includeInIndex = 0; path = "Pizza Helper.app"; sourceTree = BUILT_PRODUCTS_DIR; };
		5B10D8C82CC67CE800245B77 /* PZAboutKit */ = {isa = PBXFileReference; lastKnownFileType = wrapper; path = PZAboutKit; sourceTree = "<group>"; };
		5B258C812CCE890300131992 /* PizzaWatchAppExtension.appex */ = {isa = PBXFileReference; explicitFileType = "wrapper.app-extension"; includeInIndex = 0; path = PizzaWatchAppExtension.appex; sourceTree = BUILT_PRODUCTS_DIR; };
		5B2DC8282CC2A78A00958F85 /* PZInGameEventKit */ = {isa = PBXFileReference; lastKnownFileType = wrapper; path = PZInGameEventKit; sourceTree = "<group>"; };
		5B4CDE852C8482D700298C69 /* PZHoYoLabKit */ = {isa = PBXFileReference; lastKnownFileType = wrapper; path = PZHoYoLabKit; sourceTree = "<group>"; };
		5B560A0E2C6BB5BB00175FB1 /* InfoPlist.xcstrings */ = {isa = PBXFileReference; lastKnownFileType = text.json.xcstrings; path = InfoPlist.xcstrings; sourceTree = "<group>"; };
		5B560A162C6BB64300175FB1 /* Info.plist */ = {isa = PBXFileReference; lastKnownFileType = text.plist.xml; path = Info.plist; sourceTree = "<group>"; };
		5B560A172C6BBB8300175FB1 /* Settings.bundle */ = {isa = PBXFileReference; lastKnownFileType = "wrapper.plug-in"; path = Settings.bundle; sourceTree = "<group>"; };
		5B6F37FF2CCE4EDC0081A23D /* PizzaWatchApp.app */ = {isa = PBXFileReference; explicitFileType = wrapper.application; includeInIndex = 0; path = PizzaWatchApp.app; sourceTree = BUILT_PRODUCTS_DIR; };
		5B7619052D3293DC0076AA08 /* GI_MaterialDBGenerator.swift */ = {isa = PBXFileReference; lastKnownFileType = sourcecode.swift; path = GI_MaterialDBGenerator.swift; sourceTree = "<group>"; };
		5B8FF7082E24D14C0014696F /* SwiftData.framework */ = {isa = PBXFileReference; lastKnownFileType = wrapper.framework; name = SwiftData.framework; path = Platforms/WatchOS.platform/Developer/SDKs/WatchOS11.5.sdk/System/Library/Frameworks/SwiftData.framework; sourceTree = DEVELOPER_DIR; };
		5B978A8F2C8D8DF60000EB61 /* GITodayMaterialsKit */ = {isa = PBXFileReference; lastKnownFileType = wrapper; path = GITodayMaterialsKit; sourceTree = "<group>"; };
		5BB1392B2E1F892500D1F169 /* INIntents4iOS16.appex */ = {isa = PBXFileReference; explicitFileType = "wrapper.app-extension"; includeInIndex = 0; path = INIntents4iOS16.appex; sourceTree = BUILT_PRODUCTS_DIR; };
		5BB1392C2E1F892500D1F169 /* Intents.framework */ = {isa = PBXFileReference; lastKnownFileType = wrapper.framework; name = Intents.framework; path = System/Library/Frameworks/Intents.framework; sourceTree = SDKROOT; };
		5BD0D0F22C6A633700DA8099 /* PZHelper */ = {isa = PBXFileReference; lastKnownFileType = wrapper; path = PZHelper; sourceTree = "<group>"; };
		5BD0D0F32C6A633700DA8099 /* PZHelper-Watch */ = {isa = PBXFileReference; lastKnownFileType = wrapper; path = "PZHelper-Watch"; sourceTree = "<group>"; };
		5BD744282CC6B262007DE385 /* WidgetExtension.appex */ = {isa = PBXFileReference; explicitFileType = "wrapper.app-extension"; includeInIndex = 0; path = WidgetExtension.appex; sourceTree = BUILT_PRODUCTS_DIR; };
		5BD744292CC6B262007DE385 /* WidgetKit.framework */ = {isa = PBXFileReference; lastKnownFileType = wrapper.framework; name = WidgetKit.framework; path = System/Library/Frameworks/WidgetKit.framework; sourceTree = SDKROOT; };
		5BD7442B2CC6B262007DE385 /* SwiftUI.framework */ = {isa = PBXFileReference; lastKnownFileType = wrapper.framework; name = SwiftUI.framework; path = System/Library/Frameworks/SwiftUI.framework; sourceTree = SDKROOT; };
		5BDA29DB2C69EE5F009640D1 /* Localizable.xcstrings */ = {isa = PBXFileReference; lastKnownFileType = text.json.xcstrings; path = Localizable.xcstrings; sourceTree = "<group>"; };
		5BDB94A22CDB578300488574 /* PZWidgetsKit */ = {isa = PBXFileReference; lastKnownFileType = wrapper; path = PZWidgetsKit; sourceTree = "<group>"; };
		5BDDF26A2C75FEB8006D4BFE /* heic_sips.sh */ = {isa = PBXFileReference; lastKnownFileType = text.script.sh; path = heic_sips.sh; sourceTree = "<group>"; };
		5BDDF26C2C75FEB8006D4BFE /* _assetUpdate4GI.sh */ = {isa = PBXFileReference; lastKnownFileType = text.script.sh; path = _assetUpdate4GI.sh; sourceTree = "<group>"; };
		5BDDF26D2C75FEB8006D4BFE /* _assetUpdate4HSR.sh */ = {isa = PBXFileReference; lastKnownFileType = text.script.sh; path = _assetUpdate4HSR.sh; sourceTree = "<group>"; };
		5BDDF26E2C75FEB8006D4BFE /* convertAssetsToHEIC.sh */ = {isa = PBXFileReference; lastKnownFileType = text.script.sh; path = convertAssetsToHEIC.sh; sourceTree = "<group>"; };
		5BDDF26F2C75FEB8006D4BFE /* GI_ImageAssetRegenerator.swift */ = {isa = PBXFileReference; lastKnownFileType = sourcecode.swift; path = GI_ImageAssetRegenerator.swift; sourceTree = "<group>"; };
		5BDDF2702C75FEB8006D4BFE /* GI_RawAssetsPuller.swift */ = {isa = PBXFileReference; lastKnownFileType = sourcecode.swift; path = GI_RawAssetsPuller.swift; sourceTree = "<group>"; };
		5BDDF2712C75FEB8006D4BFE /* HSR_ImageAssetRegenerator.swift */ = {isa = PBXFileReference; lastKnownFileType = sourcecode.swift; path = HSR_ImageAssetRegenerator.swift; sourceTree = "<group>"; };
		5BDDF2722C75FEB8006D4BFE /* HSR_RawAssetsPuller.swift */ = {isa = PBXFileReference; lastKnownFileType = sourcecode.swift; path = HSR_RawAssetsPuller.swift; sourceTree = "<group>"; };
		5BDDF2732C75FEB8006D4BFE /* WallpaperAssetCollector.swift */ = {isa = PBXFileReference; lastKnownFileType = sourcecode.swift; path = WallpaperAssetCollector.swift; sourceTree = "<group>"; };
		5BDDF2752C7601AA006D4BFE /* EnkaKit */ = {isa = PBXFileReference; lastKnownFileType = wrapper; path = EnkaKit; sourceTree = "<group>"; };
		5BDDF2762C7601AA006D4BFE /* GachaKit */ = {isa = PBXFileReference; lastKnownFileType = wrapper; path = GachaKit; sourceTree = "<group>"; };
		5BDDF2772C760281006D4BFE /* WallpaperKit */ = {isa = PBXFileReference; lastKnownFileType = wrapper; path = WallpaperKit; sourceTree = "<group>"; };
		5BF32D8C2C62A2E4008C9949 /* PZKit */ = {isa = PBXFileReference; lastKnownFileType = wrapper; path = PZKit; sourceTree = "<group>"; };
		5BFB9D292C6BBCE700DC648F /* PrivacyInfo.xcprivacy */ = {isa = PBXFileReference; lastKnownFileType = text.xml; path = PrivacyInfo.xcprivacy; sourceTree = "<group>"; };
		5BFD6B8C2C628CD8000A63E9 /* United Pizza Engine.app */ = {isa = PBXFileReference; explicitFileType = wrapper.application; includeInIndex = 0; path = "United Pizza Engine.app"; sourceTree = BUILT_PRODUCTS_DIR; };
		5BFD6B8F2C628CD8000A63E9 /* UnitedPizzaHelperApp.swift */ = {isa = PBXFileReference; lastKnownFileType = sourcecode.swift; path = UnitedPizzaHelperApp.swift; sourceTree = "<group>"; };
		5BFD6B952C628CDA000A63E9 /* Assets.xcassets */ = {isa = PBXFileReference; lastKnownFileType = folder.assetcatalog; path = Assets.xcassets; sourceTree = "<group>"; };
		5BFD6B982C628CDA000A63E9 /* Preview Assets.xcassets */ = {isa = PBXFileReference; lastKnownFileType = folder.assetcatalog; path = "Preview Assets.xcassets"; sourceTree = "<group>"; };
		5BFD6B9A2C628CDA000A63E9 /* UnitedPizzaHelperEngine.entitlements */ = {isa = PBXFileReference; lastKnownFileType = text.plist.entitlements; path = UnitedPizzaHelperEngine.entitlements; sourceTree = "<group>"; };
		5BFD6BA92C628EDA000A63E9 /* README.md */ = {isa = PBXFileReference; fileEncoding = 4; lastKnownFileType = net.daringfireball.markdown; path = README.md; sourceTree = "<group>"; };
		5BFD6BAA2C628EDA000A63E9 /* Makefile */ = {isa = PBXFileReference; fileEncoding = 4; lastKnownFileType = sourcecode.make; path = Makefile; sourceTree = "<group>"; };
		5BFD6BAB2C628EDA000A63E9 /* LICENSE */ = {isa = PBXFileReference; fileEncoding = 4; lastKnownFileType = text; path = LICENSE; sourceTree = "<group>"; };
/* End PBXFileReference section */

/* Begin PBXFileSystemSynchronizedBuildFileExceptionSet section */
		5B10D8172CC6668000245B77 /* PBXFileSystemSynchronizedBuildFileExceptionSet */ = {
			isa = PBXFileSystemSynchronizedBuildFileExceptionSet;
			membershipExceptions = (
				Info.plist,
			);
			target = 5B10D7F02CC6636C00245B77 /* ThePizzaHelper */;
		};
		5B258C902CCE890500131992 /* PBXFileSystemSynchronizedBuildFileExceptionSet */ = {
			isa = PBXFileSystemSynchronizedBuildFileExceptionSet;
			membershipExceptions = (
				Info.plist,
			);
			target = 5B258C802CCE890300131992 /* PizzaWatchAppExtension */;
		};
		5B258CD72CCE896200131992 /* PBXFileSystemSynchronizedBuildFileExceptionSet */ = {
			isa = PBXFileSystemSynchronizedBuildFileExceptionSet;
			membershipExceptions = (
				"Info-Watch.plist",
				Info.plist,
			);
			target = 5B258C802CCE890300131992 /* PizzaWatchAppExtension */;
		};
		5B261FB22CCE6E7A00CD64FA /* PBXFileSystemSynchronizedBuildFileExceptionSet */ = {
			isa = PBXFileSystemSynchronizedBuildFileExceptionSet;
			membershipExceptions = (
				"PizzaWatchApp-Info.plist",
			);
			target = 5B6F37FE2CCE4EDC0081A23D /* PizzaWatchApp */;
		};
		5BB139382E1F892500D1F169 /* PBXFileSystemSynchronizedBuildFileExceptionSet */ = {
			isa = PBXFileSystemSynchronizedBuildFileExceptionSet;
			membershipExceptions = (
				Info.plist,
			);
			target = 5BB1392A2E1F892500D1F169 /* INIntents4iOS16 */;
		};
		5BB1396A2E1F8A0900D1F169 /* PBXFileSystemSynchronizedBuildFileExceptionSet */ = {
			isa = PBXFileSystemSynchronizedBuildFileExceptionSet;
			membershipExceptions = (
				/Localized/PZProfileIntentBackports.strings,
				IntentHandler.swift,
				PZProfileIntentBackports.intentdefinition,
			);
			target = 5BD744272CC6B262007DE385 /* WidgetExtension */;
		};
		5BB1396B2E1F8A0900D1F169 /* PBXFileSystemSynchronizedBuildFileExceptionSet */ = {
			isa = PBXFileSystemSynchronizedBuildFileExceptionSet;
			membershipExceptions = (
				/Localized/PZProfileIntentBackports.strings,
				IntentHandler.swift,
				PZProfileIntentBackports.intentdefinition,
			);
			target = 5B258C802CCE890300131992 /* PizzaWatchAppExtension */;
		};
		5BD744432CC6B265007DE385 /* PBXFileSystemSynchronizedBuildFileExceptionSet */ = {
			isa = PBXFileSystemSynchronizedBuildFileExceptionSet;
			membershipExceptions = (
				"Info-Watch.plist",
				Info.plist,
			);
			target = 5BD744272CC6B262007DE385 /* WidgetExtension */;
		};
		5BF798372E1FAAC300CBB24C /* PBXFileSystemSynchronizedBuildFileExceptionSet */ = {
			isa = PBXFileSystemSynchronizedBuildFileExceptionSet;
			membershipExceptions = (
				Modules/BackendModules/Intents/AppEntities.swift,
				Modules/PZWidgets.swift,
			);
			target = 5BB1392A2E1F892500D1F169 /* INIntents4iOS16 */;
		};
/* End PBXFileSystemSynchronizedBuildFileExceptionSet section */

/* Begin PBXFileSystemSynchronizedRootGroup section */
		5B10D7F22CC6636C00245B77 /* ThePizzaHelper */ = {isa = PBXFileSystemSynchronizedRootGroup; exceptions = (5B10D8172CC6668000245B77 /* PBXFileSystemSynchronizedBuildFileExceptionSet */, ); explicitFileTypes = {}; explicitFolders = (); path = ThePizzaHelper; sourceTree = "<group>"; };
		5B258C842CCE890300131992 /* WatchExtension */ = {isa = PBXFileSystemSynchronizedRootGroup; exceptions = (5B258C902CCE890500131992 /* PBXFileSystemSynchronizedBuildFileExceptionSet */, ); explicitFileTypes = {}; explicitFolders = (); path = WatchExtension; sourceTree = "<group>"; };
		5B6F38002CCE4EDC0081A23D /* WatchApp */ = {isa = PBXFileSystemSynchronizedRootGroup; exceptions = (5B261FB22CCE6E7A00CD64FA /* PBXFileSystemSynchronizedBuildFileExceptionSet */, ); explicitFileTypes = {}; explicitFolders = (); path = WatchApp; sourceTree = "<group>"; };
		5BB1392E2E1F892500D1F169 /* INIntents4iOS16 */ = {isa = PBXFileSystemSynchronizedRootGroup; exceptions = (5BB1396A2E1F8A0900D1F169 /* PBXFileSystemSynchronizedBuildFileExceptionSet */, 5BB1396B2E1F8A0900D1F169 /* PBXFileSystemSynchronizedBuildFileExceptionSet */, 5BB139382E1F892500D1F169 /* PBXFileSystemSynchronizedBuildFileExceptionSet */, ); explicitFileTypes = {}; explicitFolders = (); path = INIntents4iOS16; sourceTree = "<group>"; };
		5BD7442D2CC6B262007DE385 /* WidgetExtension */ = {isa = PBXFileSystemSynchronizedRootGroup; exceptions = (5BD744432CC6B265007DE385 /* PBXFileSystemSynchronizedBuildFileExceptionSet */, 5B258CD72CCE896200131992 /* PBXFileSystemSynchronizedBuildFileExceptionSet */, 5BF798372E1FAAC300CBB24C /* PBXFileSystemSynchronizedBuildFileExceptionSet */, ); explicitFileTypes = {}; explicitFolders = (); path = WidgetExtension; sourceTree = "<group>"; };
/* End PBXFileSystemSynchronizedRootGroup section */

/* Begin PBXFrameworksBuildPhase section */
		5B10D7EE2CC6636C00245B77 /* Frameworks */ = {
			isa = PBXFrameworksBuildPhase;
			buildActionMask = 2147483647;
			files = (
				5B10D8152CC6667600245B77 /* PZHelper in Frameworks */,
			);
			runOnlyForDeploymentPostprocessing = 0;
		};
		5B258C7E2CCE890300131992 /* Frameworks */ = {
			isa = PBXFrameworksBuildPhase;
			buildActionMask = 2147483647;
			files = (
				5B8FF70A2E24D1580014696F /* SwiftData.framework in Frameworks */,
				5B258E292CCE8A1300131992 /* PZBaseKit in Frameworks */,
				5B258E2F2CCE8A1D00131992 /* WallpaperKit in Frameworks */,
				5B258E232CCE8A0500131992 /* Defaults in Frameworks */,
				5BDB94A62CDB57E600488574 /* PZWidgetsKit in Frameworks */,
				5B258E2B2CCE8A1700131992 /* PZInGameEventKit in Frameworks */,
				5B258C832CCE890300131992 /* SwiftUI.framework in Frameworks */,
				5B258E252CCE8A0900131992 /* GITodayMaterialsKit in Frameworks */,
				5B258E272CCE8A0E00131992 /* PZAccountKit in Frameworks */,
				5B258E2D2CCE8A1900131992 /* SFSafeSymbols in Frameworks */,
				5B258C822CCE890300131992 /* WidgetKit.framework in Frameworks */,
			);
			runOnlyForDeploymentPostprocessing = 0;
		};
		5B6F37FC2CCE4EDC0081A23D /* Frameworks */ = {
			isa = PBXFrameworksBuildPhase;
			buildActionMask = 2147483647;
			files = (
				5B8FF7092E24D14D0014696F /* SwiftData.framework in Frameworks */,
				5B0A42BF2CCE4F96004463D5 /* PZHelper-Watch in Frameworks */,
			);
			runOnlyForDeploymentPostprocessing = 0;
		};
		5BB139282E1F892500D1F169 /* Frameworks */ = {
			isa = PBXFrameworksBuildPhase;
			buildActionMask = 2147483647;
			files = (
				5BF798352E1FAA9700CBB24C /* WallpaperKit in Frameworks */,
				5BF798332E1FAA9200CBB24C /* PZAccountKit in Frameworks */,
				5BF798312E1FAA8B00CBB24C /* Defaults in Frameworks */,
				5BF798392E1FAB0100CBB24C /* PZWidgetsKit in Frameworks */,
				5BB1392D2E1F892500D1F169 /* Intents.framework in Frameworks */,
			);
			runOnlyForDeploymentPostprocessing = 0;
		};
		5BD744252CC6B262007DE385 /* Frameworks */ = {
			isa = PBXFrameworksBuildPhase;
			buildActionMask = 2147483647;
			files = (
				5BD7442C2CC6B262007DE385 /* SwiftUI.framework in Frameworks */,
				5BFCA05A2CCDFFFC00F182C7 /* PZInGameEventKit in Frameworks */,
				5BFCA0602CCE003A00F182C7 /* Defaults in Frameworks */,
				5BDB94A42CDB57E100488574 /* PZWidgetsKit in Frameworks */,
				5BFCA0542CCDFFE300F182C7 /* PZBaseKit in Frameworks */,
				5BFCA0562CCDFFEA00F182C7 /* PZAccountKit in Frameworks */,
				5BFCA0582CCDFFEE00F182C7 /* WallpaperKit in Frameworks */,
				5BFCA05D2CCE002700F182C7 /* SFSafeSymbols in Frameworks */,
				5BD7442A2CC6B262007DE385 /* WidgetKit.framework in Frameworks */,
				5BFCA19B2CCE022200F182C7 /* GITodayMaterialsKit in Frameworks */,
			);
			runOnlyForDeploymentPostprocessing = 0;
		};
		5BFD6B892C628CD8000A63E9 /* Frameworks */ = {
			isa = PBXFrameworksBuildPhase;
			buildActionMask = 2147483647;
			files = (
				5BD0D0F52C6A653500DA8099 /* PZHelper in Frameworks */,
			);
			runOnlyForDeploymentPostprocessing = 0;
		};
/* End PBXFrameworksBuildPhase section */

/* Begin PBXGroup section */
		5B2A65F92C69204600BAEE7E /* Frameworks */ = {
			isa = PBXGroup;
			children = (
				5B8FF7082E24D14C0014696F /* SwiftData.framework */,
				5BD744292CC6B262007DE385 /* WidgetKit.framework */,
				5BD7442B2CC6B262007DE385 /* SwiftUI.framework */,
				5BB1392C2E1F892500D1F169 /* Intents.framework */,
			);
			name = Frameworks;
			sourceTree = "<group>";
		};
		5B560A182C6BBB8300175FB1 /* SharedBundles */ = {
			isa = PBXGroup;
			children = (
				5B560A172C6BBB8300175FB1 /* Settings.bundle */,
				5BFB9D292C6BBCE700DC648F /* PrivacyInfo.xcprivacy */,
			);
			path = SharedBundles;
			sourceTree = "<group>";
		};
		5BDDF26B2C75FEB8006D4BFE /* utils */ = {
			isa = PBXGroup;
			children = (
				5BDDF26A2C75FEB8006D4BFE /* heic_sips.sh */,
			);
			path = utils;
			sourceTree = "<group>";
		};
		5BDDF2742C75FEB8006D4BFE /* Script */ = {
			isa = PBXGroup;
			children = (
				5BDDF26B2C75FEB8006D4BFE /* utils */,
				5BDDF26C2C75FEB8006D4BFE /* _assetUpdate4GI.sh */,
				5BDDF26D2C75FEB8006D4BFE /* _assetUpdate4HSR.sh */,
				5BDDF26E2C75FEB8006D4BFE /* convertAssetsToHEIC.sh */,
				5BDDF26F2C75FEB8006D4BFE /* GI_ImageAssetRegenerator.swift */,
				5B7619052D3293DC0076AA08 /* GI_MaterialDBGenerator.swift */,
				5BDDF2702C75FEB8006D4BFE /* GI_RawAssetsPuller.swift */,
				5BDDF2712C75FEB8006D4BFE /* HSR_ImageAssetRegenerator.swift */,
				5BDDF2722C75FEB8006D4BFE /* HSR_RawAssetsPuller.swift */,
				5BDDF2732C75FEB8006D4BFE /* WallpaperAssetCollector.swift */,
			);
			path = Script;
			sourceTree = "<group>";
		};
		5BF32D8D2C62A2E4008C9949 /* Packages */ = {
			isa = PBXGroup;
			children = (
				5BDDF2752C7601AA006D4BFE /* EnkaKit */,
				5BDDF2762C7601AA006D4BFE /* GachaKit */,
				5B978A8F2C8D8DF60000EB61 /* GITodayMaterialsKit */,
				5B10D8C82CC67CE800245B77 /* PZAboutKit */,
				5B02FD042E182DB0003E26D3 /* PZCoreDataKit */,
				5BD0D0F22C6A633700DA8099 /* PZHelper */,
				5BD0D0F32C6A633700DA8099 /* PZHelper-Watch */,
				5B4CDE852C8482D700298C69 /* PZHoYoLabKit */,
				5B2DC8282CC2A78A00958F85 /* PZInGameEventKit */,
				5BF32D8C2C62A2E4008C9949 /* PZKit */,
				5BDB94A22CDB578300488574 /* PZWidgetsKit */,
				5BDDF2772C760281006D4BFE /* WallpaperKit */,
			);
			path = Packages;
			sourceTree = "<group>";
		};
		5BFD6B832C628CD8000A63E9 = {
			isa = PBXGroup;
			children = (
				5BF32D8D2C62A2E4008C9949 /* Packages */,
				5BFD6BA82C628ECD000A63E9 /* RepoRoot */,
				5B10D7F22CC6636C00245B77 /* ThePizzaHelper */,
				5BD7442D2CC6B262007DE385 /* WidgetExtension */,
				5BFD6B8E2C628CD8000A63E9 /* UnitedPizzaHelperEngine */,
				5B6F38002CCE4EDC0081A23D /* WatchApp */,
				5B258C842CCE890300131992 /* WatchExtension */,
				5BB1392E2E1F892500D1F169 /* INIntents4iOS16 */,
				5B2A65F92C69204600BAEE7E /* Frameworks */,
				5BFD6B8D2C628CD8000A63E9 /* Products */,
				5B560A182C6BBB8300175FB1 /* SharedBundles */,
			);
			sourceTree = "<group>";
		};
		5BFD6B8D2C628CD8000A63E9 /* Products */ = {
			isa = PBXGroup;
			children = (
				5BFD6B8C2C628CD8000A63E9 /* United Pizza Engine.app */,
				5B10D7F12CC6636C00245B77 /* Pizza Helper.app */,
				5BD744282CC6B262007DE385 /* WidgetExtension.appex */,
				5B6F37FF2CCE4EDC0081A23D /* PizzaWatchApp.app */,
				5B258C812CCE890300131992 /* PizzaWatchAppExtension.appex */,
				5BB1392B2E1F892500D1F169 /* INIntents4iOS16.appex */,
			);
			name = Products;
			sourceTree = "<group>";
		};
		5BFD6B8E2C628CD8000A63E9 /* UnitedPizzaHelperEngine */ = {
			isa = PBXGroup;
			children = (
				5BFD6B952C628CDA000A63E9 /* Assets.xcassets */,
				5B560A162C6BB64300175FB1 /* Info.plist */,
				5B560A0E2C6BB5BB00175FB1 /* InfoPlist.xcstrings */,
				5BDA29DB2C69EE5F009640D1 /* Localizable.xcstrings */,
				5BFD6B972C628CDA000A63E9 /* Preview Content */,
				5BFD6B8F2C628CD8000A63E9 /* UnitedPizzaHelperApp.swift */,
				5BFD6B9A2C628CDA000A63E9 /* UnitedPizzaHelperEngine.entitlements */,
			);
			path = UnitedPizzaHelperEngine;
			sourceTree = "<group>";
		};
		5BFD6B972C628CDA000A63E9 /* Preview Content */ = {
			isa = PBXGroup;
			children = (
				5BFD6B982C628CDA000A63E9 /* Preview Assets.xcassets */,
			);
			path = "Preview Content";
			sourceTree = "<group>";
		};
		5BFD6BA82C628ECD000A63E9 /* RepoRoot */ = {
			isa = PBXGroup;
			children = (
				5BFD6BAB2C628EDA000A63E9 /* LICENSE */,
				5BFD6BAA2C628EDA000A63E9 /* Makefile */,
				5BFD6BA92C628EDA000A63E9 /* README.md */,
				5BDDF2742C75FEB8006D4BFE /* Script */,
			);
			name = RepoRoot;
			sourceTree = "<group>";
		};
/* End PBXGroup section */

/* Begin PBXNativeTarget section */
		5B10D7F02CC6636C00245B77 /* ThePizzaHelper */ = {
			isa = PBXNativeTarget;
			buildConfigurationList = 5B10D7FF2CC6636E00245B77 /* Build configuration list for PBXNativeTarget "ThePizzaHelper" */;
			buildPhases = (
				5B10D8262CC66A7600245B77 /* SwiftFormat */,
				5B10D7ED2CC6636C00245B77 /* Sources */,
				5B10D7EE2CC6636C00245B77 /* Frameworks */,
				5B10D7EF2CC6636C00245B77 /* Resources */,
				5BD7443F2CC6B265007DE385 /* Embed Foundation Extensions */,
				5B6F380D2CCE4EDE0081A23D /* Embed Watch Content */,
				5B2CEBD42E22742200942A6D /* Run Script (Assets Cleanup) */,
			);
			buildRules = (
			);
			dependencies = (
				5BD7443C2CC6B264007DE385 /* PBXTargetDependency */,
				5B6F380B2CCE4EDE0081A23D /* PBXTargetDependency */,
			);
			fileSystemSynchronizedGroups = (
				5B10D7F22CC6636C00245B77 /* ThePizzaHelper */,
			);
			name = ThePizzaHelper;
			packageProductDependencies = (
				5B10D8142CC6667600245B77 /* PZHelper */,
			);
			productName = ThePizzaHelper;
			productReference = 5B10D7F12CC6636C00245B77 /* Pizza Helper.app */;
			productType = "com.apple.product-type.application";
		};
		5B258C802CCE890300131992 /* PizzaWatchAppExtension */ = {
			isa = PBXNativeTarget;
			buildConfigurationList = 5B258C8F2CCE890500131992 /* Build configuration list for PBXNativeTarget "PizzaWatchAppExtension" */;
			buildPhases = (
				5B258C7D2CCE890300131992 /* Sources */,
				5B258C7E2CCE890300131992 /* Frameworks */,
				5B258C7F2CCE890300131992 /* Resources */,
			);
			buildRules = (
			);
			dependencies = (
			);
			fileSystemSynchronizedGroups = (
				5B258C842CCE890300131992 /* WatchExtension */,
				5BD7442D2CC6B262007DE385 /* WidgetExtension */,
			);
			name = PizzaWatchAppExtension;
			packageProductDependencies = (
				5B258E222CCE8A0500131992 /* Defaults */,
				5B258E242CCE8A0900131992 /* GITodayMaterialsKit */,
				5B258E262CCE8A0E00131992 /* PZAccountKit */,
				5B258E282CCE8A1300131992 /* PZBaseKit */,
				5B258E2A2CCE8A1700131992 /* PZInGameEventKit */,
				5B258E2C2CCE8A1900131992 /* SFSafeSymbols */,
				5B258E2E2CCE8A1D00131992 /* WallpaperKit */,
				5BDB94A52CDB57E600488574 /* PZWidgetsKit */,
			);
			productName = WatchExtensionExtension;
			productReference = 5B258C812CCE890300131992 /* PizzaWatchAppExtension.appex */;
			productType = "com.apple.product-type.app-extension";
		};
		5B6F37FE2CCE4EDC0081A23D /* PizzaWatchApp */ = {
			isa = PBXNativeTarget;
			buildConfigurationList = 5B6F38102CCE4EDE0081A23D /* Build configuration list for PBXNativeTarget "PizzaWatchApp" */;
			buildPhases = (
				5B6F37FB2CCE4EDC0081A23D /* Sources */,
				5B6F37FC2CCE4EDC0081A23D /* Frameworks */,
				5B6F37FD2CCE4EDC0081A23D /* Resources */,
				5B0A42BD2CCE4F7D004463D5 /* Embed Foundation Extensions */,
			);
			buildRules = (
			);
			dependencies = (
				5B258C8B2CCE890500131992 /* PBXTargetDependency */,
			);
			fileSystemSynchronizedGroups = (
				5B6F38002CCE4EDC0081A23D /* WatchApp */,
			);
			name = PizzaWatchApp;
			packageProductDependencies = (
				5B0A42BE2CCE4F96004463D5 /* PZHelper-Watch */,
			);
			productName = WatchApp;
			productReference = 5B6F37FF2CCE4EDC0081A23D /* PizzaWatchApp.app */;
			productType = "com.apple.product-type.application";
		};
		5BB1392A2E1F892500D1F169 /* INIntents4iOS16 */ = {
			isa = PBXNativeTarget;
			buildConfigurationList = 5BB139372E1F892500D1F169 /* Build configuration list for PBXNativeTarget "INIntents4iOS16" */;
			buildPhases = (
				5BB139272E1F892500D1F169 /* Sources */,
				5BB139282E1F892500D1F169 /* Frameworks */,
				5BB139292E1F892500D1F169 /* Resources */,
			);
			buildRules = (
			);
			dependencies = (
			);
			fileSystemSynchronizedGroups = (
				5BB1392E2E1F892500D1F169 /* INIntents4iOS16 */,
			);
			name = INIntents4iOS16;
			packageProductDependencies = (
				5BF798302E1FAA8B00CBB24C /* Defaults */,
				5BF798322E1FAA9200CBB24C /* PZAccountKit */,
				5BF798342E1FAA9700CBB24C /* WallpaperKit */,
				5BF798382E1FAB0100CBB24C /* PZWidgetsKit */,
			);
			productName = INIntents4iOS16;
			productReference = 5BB1392B2E1F892500D1F169 /* INIntents4iOS16.appex */;
			productType = "com.apple.product-type.app-extension";
		};
		5BD744272CC6B262007DE385 /* WidgetExtension */ = {
			isa = PBXNativeTarget;
			buildConfigurationList = 5BD744422CC6B265007DE385 /* Build configuration list for PBXNativeTarget "WidgetExtension" */;
			buildPhases = (
				5BD744242CC6B262007DE385 /* Sources */,
				5BD744252CC6B262007DE385 /* Frameworks */,
				5BD744262CC6B262007DE385 /* Resources */,
			);
			buildRules = (
			);
			dependencies = (
				5B89502C2E22A65300E3C183 /* PBXTargetDependency */,
			);
			fileSystemSynchronizedGroups = (
				5BD7442D2CC6B262007DE385 /* WidgetExtension */,
			);
			name = WidgetExtension;
			packageProductDependencies = (
				5BFCA0532CCDFFE300F182C7 /* PZBaseKit */,
				5BFCA0552CCDFFEA00F182C7 /* PZAccountKit */,
				5BFCA0572CCDFFEE00F182C7 /* WallpaperKit */,
				5BFCA0592CCDFFFC00F182C7 /* PZInGameEventKit */,
				5BFCA05C2CCE002700F182C7 /* SFSafeSymbols */,
				5BFCA05F2CCE003A00F182C7 /* Defaults */,
				5BFCA19A2CCE022200F182C7 /* GITodayMaterialsKit */,
				5BDB94A32CDB57E100488574 /* PZWidgetsKit */,
			);
			productName = WidgetExtensionExtension;
			productReference = 5BD744282CC6B262007DE385 /* WidgetExtension.appex */;
			productType = "com.apple.product-type.app-extension";
		};
		5BFD6B8B2C628CD8000A63E9 /* UnitedPizzaHelperEngine */ = {
			isa = PBXNativeTarget;
			buildConfigurationList = 5BFD6B9D2C628CDA000A63E9 /* Build configuration list for PBXNativeTarget "UnitedPizzaHelperEngine" */;
			buildPhases = (
				5BB3A4E72C69232400653C89 /* SwiftFormat */,
				5BFD6B882C628CD8000A63E9 /* Sources */,
				5BFD6B892C628CD8000A63E9 /* Frameworks */,
				5BFD6B8A2C628CD8000A63E9 /* Resources */,
			);
			buildRules = (
			);
			dependencies = (
			);
			name = UnitedPizzaHelperEngine;
			packageProductDependencies = (
				5BD0D0F42C6A653500DA8099 /* PZHelper */,
			);
			productName = UnitedPizzaHelperEngine;
			productReference = 5BFD6B8C2C628CD8000A63E9 /* United Pizza Engine.app */;
			productType = "com.apple.product-type.application";
		};
/* End PBXNativeTarget section */

/* Begin PBXProject section */
		5BFD6B842C628CD8000A63E9 /* Project object */ = {
			isa = PBXProject;
			attributes = {
				BuildIndependentTargetsInParallel = 1;
				LastSwiftUpdateCheck = 1640;
				LastUpgradeCheck = 2600;
				TargetAttributes = {
					5B10D7F02CC6636C00245B77 = {
						CreatedOnToolsVersion = 16.0;
					};
					5B258C802CCE890300131992 = {
						CreatedOnToolsVersion = 16.0;
					};
					5B6F37FE2CCE4EDC0081A23D = {
						CreatedOnToolsVersion = 16.0;
					};
					5BB1392A2E1F892500D1F169 = {
						CreatedOnToolsVersion = 16.4;
					};
					5BD744272CC6B262007DE385 = {
						CreatedOnToolsVersion = 16.0;
					};
					5BFD6B8B2C628CD8000A63E9 = {
						CreatedOnToolsVersion = 15.3;
					};
				};
			};
			buildConfigurationList = 5BFD6B872C628CD8000A63E9 /* Build configuration list for PBXProject "UnitedPizzaHelper" */;
			developmentRegion = en;
			hasScannedForEncodings = 0;
			knownRegions = (
				en,
				"zh-Hans",
				"zh-Hant",
				ja,
				Base,
				de,
				es,
				fr,
				it,
				ko,
				fil,
				ru,
				vi,
			);
			mainGroup = 5BFD6B832C628CD8000A63E9;
			packageReferences = (
				5BFCA05B2CCE002700F182C7 /* XCRemoteSwiftPackageReference "SFSafeSymbols" */,
				5BFCA05E2CCE003A00F182C7 /* XCRemoteSwiftPackageReference "Defaults" */,
			);
			preferredProjectObjectVersion = 56;
			productRefGroup = 5BFD6B8D2C628CD8000A63E9 /* Products */;
			projectDirPath = "";
			projectRoot = "";
			targets = (
				5B10D7F02CC6636C00245B77 /* ThePizzaHelper */,
				5BD744272CC6B262007DE385 /* WidgetExtension */,
				5BFD6B8B2C628CD8000A63E9 /* UnitedPizzaHelperEngine */,
				5B6F37FE2CCE4EDC0081A23D /* PizzaWatchApp */,
				5B258C802CCE890300131992 /* PizzaWatchAppExtension */,
				5BB1392A2E1F892500D1F169 /* INIntents4iOS16 */,
			);
		};
/* End PBXProject section */

/* Begin PBXResourcesBuildPhase section */
		5B10D7EF2CC6636C00245B77 /* Resources */ = {
			isa = PBXResourcesBuildPhase;
			buildActionMask = 2147483647;
			files = (
			);
			runOnlyForDeploymentPostprocessing = 0;
		};
		5B258C7F2CCE890300131992 /* Resources */ = {
			isa = PBXResourcesBuildPhase;
			buildActionMask = 2147483647;
			files = (
			);
			runOnlyForDeploymentPostprocessing = 0;
		};
		5B6F37FD2CCE4EDC0081A23D /* Resources */ = {
			isa = PBXResourcesBuildPhase;
			buildActionMask = 2147483647;
			files = (
			);
			runOnlyForDeploymentPostprocessing = 0;
		};
		5BB139292E1F892500D1F169 /* Resources */ = {
			isa = PBXResourcesBuildPhase;
			buildActionMask = 2147483647;
			files = (
			);
			runOnlyForDeploymentPostprocessing = 0;
		};
		5BD744262CC6B262007DE385 /* Resources */ = {
			isa = PBXResourcesBuildPhase;
			buildActionMask = 2147483647;
			files = (
			);
			runOnlyForDeploymentPostprocessing = 0;
		};
		5BFD6B8A2C628CD8000A63E9 /* Resources */ = {
			isa = PBXResourcesBuildPhase;
			buildActionMask = 2147483647;
			files = (
				5B560A0F2C6BB5BB00175FB1 /* InfoPlist.xcstrings in Resources */,
				5BFB9D2A2C6BBCE700DC648F /* PrivacyInfo.xcprivacy in Resources */,
				5BFD6BAF2C628EE5000A63E9 /* LICENSE in Resources */,
				5BFD6B992C628CDA000A63E9 /* Preview Assets.xcassets in Resources */,
				5BDA29DC2C69EE5F009640D1 /* Localizable.xcstrings in Resources */,
				5B2DC8292CC2A78A00958F85 /* PZInGameEventKit in Resources */,
				5B560A192C6BBB8300175FB1 /* Settings.bundle in Resources */,
				5BFD6B962C628CDA000A63E9 /* Assets.xcassets in Resources */,
			);
			runOnlyForDeploymentPostprocessing = 0;
		};
/* End PBXResourcesBuildPhase section */

/* Begin PBXShellScriptBuildPhase section */
		5B10D8262CC66A7600245B77 /* SwiftFormat */ = {
			isa = PBXShellScriptBuildPhase;
			alwaysOutOfDate = 1;
			buildActionMask = 2147483647;
			files = (
			);
			inputFileListPaths = (
			);
			inputPaths = (
			);
			name = SwiftFormat;
			outputFileListPaths = (
			);
			outputPaths = (
			);
			runOnlyForDeploymentPostprocessing = 0;
			shellPath = /bin/sh;
			shellScript = "# Type a script or drag a script file from your workspace to insert its path.\nif [[ \"$(uname -m)\" == arm64 ]]; then\n    export PATH=\"/opt/homebrew/bin:$PATH\"\nfi\n\nif which swiftformat >/dev/null; then\n  swiftformat .\nelse\n  echo \"warning: SwiftFormat not installed, download from https://github.com/nicklockwood/SwiftFormat\"\nfi\n";
		};
		5B2CEBD42E22742200942A6D /* Run Script (Assets Cleanup) */ = {
			isa = PBXShellScriptBuildPhase;
			alwaysOutOfDate = 1;
			buildActionMask = 2147483647;
			files = (
			);
			inputFileListPaths = (
			);
			inputPaths = (
			);
			name = "Run Script (Assets Cleanup)";
			outputFileListPaths = (
			);
			outputPaths = (
			);
			runOnlyForDeploymentPostprocessing = 0;
			shellPath = /bin/sh;
			shellScript = "#!/bin/bash\n\n# Post-task 脚本：定点删除指定的 Assets.car 文件\n\n# 日志文件路径\nLOG_FILE=\"${DERIVED_DATA_DIR}/remove_assets_log.txt\"\necho \"Starting Remove Assets.car Script at $(date)\" > \"${LOG_FILE}\"\n\n# 获取构建输出根目录\nBUILD_DIR=\"${BUILT_PRODUCTS_DIR}\"\necho \"Main Build Directory: ${BUILD_DIR}\" >> \"${LOG_FILE}\"\n\n# 检查构建目录是否存在\nif [ ! -d \"${BUILD_DIR}\" ]; then\n    echo \"Error: Build directory ${BUILD_DIR} does not exist or is inaccessible\" >> \"${LOG_FILE}\"\n    echo \"Error: Build directory ${BUILD_DIR} does not exist or is inaccessible\"\n    exit 1\nfi\n\n# 定义所有需要删除的 Assets.car 路径（带 Contents 的是 mac 版）。\nASSETS_CARS=(\n    \"${BUILD_DIR}/Pizza Helper.app/PlugIns/INIntents4iOS16.appex/GITodayMaterialsKitPKG_GITodayMaterialsKit.bundle/Assets.car\"\n    \"${BUILD_DIR}/Pizza Helper.app/PlugIns/INIntents4iOS16.appex/PZWidgetsKitPKG_PZWidgetsKit.bundle/Assets.car\"\n    \"${BUILD_DIR}/Pizza Helper.app/PlugIns/INIntents4iOS16.appex/PizzaKitPKG_PZAccountKit.bundle/Assets.car\"\n    \"${BUILD_DIR}/Pizza Helper.app/PlugIns/INIntents4iOS16.appex/WallpaperKitPKG_WallpaperKit.bundle/Assets.car\"\n    \"${BUILD_DIR}/Pizza Helper.app/Watch/PizzaWatchApp.app/PlugIns/PizzaWatchAppExtension.appex/GITodayMaterialsKitPKG_GITodayMaterialsKit.bundle/Assets.car\"\n    \"${BUILD_DIR}/Pizza Helper.app/Watch/PizzaWatchApp.app/PlugIns/PizzaWatchAppExtension.appex/PZWidgetsKitPKG_PZWidgetsKit.bundle/Assets.car\"\n    \"${BUILD_DIR}/Pizza Helper.app/Watch/PizzaWatchApp.app/PlugIns/PizzaWatchAppExtension.appex/PizzaKitPKG_PZAccountKit.bundle/Assets.car\"\n    \"${BUILD_DIR}/Pizza Helper.app/Contents/PlugIns/INIntents4iOS16.appex/Contents/Resources/GITodayMaterialsKitPKG_GITodayMaterialsKit.bundle/Contents/Resources/Assets.car\"\n    \"${BUILD_DIR}/Pizza Helper.app/Contents/PlugIns/INIntents4iOS16.appex/Contents/Resources/PZWidgetsKitPKG_PZWidgetsKit.bundle/Contents/Resources/Assets.car\"\n    \"${BUILD_DIR}/Pizza Helper.app/Contents/PlugIns/INIntents4iOS16.appex/Contents/Resources/PizzaKitPKG_PZAccountKit.bundle/Contents/Resources/Assets.car\"\n    \"${BUILD_DIR}/Pizza Helper.app/Contents/PlugIns/INIntents4iOS16.appex/Contents/Resources/WallpaperKitPKG_WallpaperKit.bundle/Contents/Resources/Assets.car\"\n)\n\n# 逐一检查并删除 Assets.car\nfor assets_car in \"${ASSETS_CARS[@]}\"; do\n    if [ -f \"${assets_car}\" ]; then\n        echo \"Found Assets.car at ${assets_car}\" >> \"${LOG_FILE}\"\n        if [ -w \"${assets_car}\" ]; then\n            echo \"Attempting to delete ${assets_car}\" >> \"${LOG_FILE}\"\n            rm -f \"${assets_car}\"\n            if [ $? -eq 0 ]; then\n                echo \"Successfully deleted ${assets_car}\" >> \"${LOG_FILE}\"\n                echo \"Successfully deleted ${assets_car}\"\n            else\n                echo \"Error: Failed to delete ${assets_car} (possible sandbox or permission issue)\" >> \"${LOG_FILE}\"\n                echo \"Error: Failed to delete ${assets_car} (possible sandbox or permission issue)\"\n                exit 1\n            fi\n        else\n            echo \"Error: No write permission for ${assets_car}\" >> \"${LOG_FILE}\"\n            echo \"Error: No write permission for ${assets_car}\"\n            exit 1\n        fi\n    else\n        echo \"No Assets.car found at ${assets_car}\" >> \"${LOG_FILE}\"\n    fi\ndone\n\necho \"Script completed at $(date)\" >> \"${LOG_FILE}\"\nexit 0\n";
		};
		5BB3A4E72C69232400653C89 /* SwiftFormat */ = {
			isa = PBXShellScriptBuildPhase;
			alwaysOutOfDate = 1;
			buildActionMask = 2147483647;
			files = (
			);
			inputFileListPaths = (
			);
			inputPaths = (
			);
			name = SwiftFormat;
			outputFileListPaths = (
			);
			outputPaths = (
			);
			runOnlyForDeploymentPostprocessing = 0;
			shellPath = /bin/sh;
			shellScript = "# Type a script or drag a script file from your workspace to insert its path.\nif [[ \"$(uname -m)\" == arm64 ]]; then\n    export PATH=\"/opt/homebrew/bin:$PATH\"\nfi\n\nif which swiftformat >/dev/null; then\n  swiftformat .\nelse\n  echo \"warning: SwiftFormat not installed, download from https://github.com/nicklockwood/SwiftFormat\"\nfi\n";
		};
/* End PBXShellScriptBuildPhase section */

/* Begin PBXSourcesBuildPhase section */
		5B10D7ED2CC6636C00245B77 /* Sources */ = {
			isa = PBXSourcesBuildPhase;
			buildActionMask = 2147483647;
			files = (
			);
			runOnlyForDeploymentPostprocessing = 0;
		};
		5B258C7D2CCE890300131992 /* Sources */ = {
			isa = PBXSourcesBuildPhase;
			buildActionMask = 2147483647;
			files = (
			);
			runOnlyForDeploymentPostprocessing = 0;
		};
		5B6F37FB2CCE4EDC0081A23D /* Sources */ = {
			isa = PBXSourcesBuildPhase;
			buildActionMask = 2147483647;
			files = (
			);
			runOnlyForDeploymentPostprocessing = 0;
		};
		5BB139272E1F892500D1F169 /* Sources */ = {
			isa = PBXSourcesBuildPhase;
			buildActionMask = 2147483647;
			files = (
			);
			runOnlyForDeploymentPostprocessing = 0;
		};
		5BD744242CC6B262007DE385 /* Sources */ = {
			isa = PBXSourcesBuildPhase;
			buildActionMask = 2147483647;
			files = (
			);
			runOnlyForDeploymentPostprocessing = 0;
		};
		5BFD6B882C628CD8000A63E9 /* Sources */ = {
			isa = PBXSourcesBuildPhase;
			buildActionMask = 2147483647;
			files = (
				5BFD6B902C628CD8000A63E9 /* UnitedPizzaHelperApp.swift in Sources */,
			);
			runOnlyForDeploymentPostprocessing = 0;
		};
/* End PBXSourcesBuildPhase section */

/* Begin PBXTargetDependency section */
		5B258C8B2CCE890500131992 /* PBXTargetDependency */ = {
			isa = PBXTargetDependency;
			target = 5B258C802CCE890300131992 /* PizzaWatchAppExtension */;
			targetProxy = 5B258C8A2CCE890500131992 /* PBXContainerItemProxy */;
		};
		5B6F380B2CCE4EDE0081A23D /* PBXTargetDependency */ = {
			isa = PBXTargetDependency;
			platformFilter = ios;
			target = 5B6F37FE2CCE4EDC0081A23D /* PizzaWatchApp */;
			targetProxy = 5B6F380A2CCE4EDE0081A23D /* PBXContainerItemProxy */;
		};
		5B89502C2E22A65300E3C183 /* PBXTargetDependency */ = {
			isa = PBXTargetDependency;
			target = 5BB1392A2E1F892500D1F169 /* INIntents4iOS16 */;
			targetProxy = 5B89502B2E22A65300E3C183 /* PBXContainerItemProxy */;
		};
		5BD7443C2CC6B264007DE385 /* PBXTargetDependency */ = {
			isa = PBXTargetDependency;
			target = 5BD744272CC6B262007DE385 /* WidgetExtension */;
			targetProxy = 5BD7443B2CC6B264007DE385 /* PBXContainerItemProxy */;
		};
/* End PBXTargetDependency section */

/* Begin XCBuildConfiguration section */
		5B10D7FD2CC6636E00245B77 /* Debug */ = {
			isa = XCBuildConfiguration;
			buildSettings = {
				ASSETCATALOG_COMPILER_APPICON_NAME = AppIcon;
				ASSETCATALOG_COMPILER_GLOBAL_ACCENT_COLOR_NAME = AccentColor;
				CODE_SIGN_ENTITLEMENTS = ThePizzaHelper/ThePizzaHelper.entitlements;
				CODE_SIGN_IDENTITY = "Apple Development";
				CODE_SIGN_STYLE = Automatic;
				CURRENT_PROJECT_VERSION = 5797;
				DEVELOPMENT_ASSET_PATHS = "\"ThePizzaHelper/Preview Content\"";
				ENABLE_APP_SANDBOX = YES;
				ENABLE_HARDENED_RUNTIME = YES;
				ENABLE_OUTGOING_NETWORK_CONNECTIONS = YES;
				ENABLE_PREVIEWS = YES;
				ENABLE_USER_SELECTED_FILES = readwrite;
				GENERATE_INFOPLIST_FILE = YES;
				INFOPLIST_FILE = ThePizzaHelper/Info.plist;
				INFOPLIST_KEY_CFBundleDisplayName = "Pizza Helper";
				INFOPLIST_KEY_ITSAppUsesNonExemptEncryption = NO;
				INFOPLIST_KEY_LSApplicationCategoryType = "public.app-category.utilities";
				INFOPLIST_KEY_NSHumanReadableCopyright = "(c) 2024 and onwards Pizza Studio (AGPL v3.0 License or later).";
				INFOPLIST_KEY_NSPhotoLibraryAddUsageDescription = "This permission allows this app to write generated images to Photos library when user requested this app to do, including QR Codes, etc.";
				INFOPLIST_KEY_NSSupportsLiveActivities = YES;
				"INFOPLIST_KEY_UIApplicationSceneManifest_Generation[sdk=iphoneos*]" = YES;
				"INFOPLIST_KEY_UIApplicationSceneManifest_Generation[sdk=iphonesimulator*]" = YES;
				"INFOPLIST_KEY_UIApplicationSupportsIndirectInputEvents[sdk=iphoneos*]" = YES;
				"INFOPLIST_KEY_UIApplicationSupportsIndirectInputEvents[sdk=iphonesimulator*]" = YES;
				"INFOPLIST_KEY_UILaunchScreen_Generation[sdk=iphoneos*]" = YES;
				"INFOPLIST_KEY_UILaunchScreen_Generation[sdk=iphonesimulator*]" = YES;
				"INFOPLIST_KEY_UIStatusBarStyle[sdk=iphoneos*]" = UIStatusBarStyleDefault;
				"INFOPLIST_KEY_UIStatusBarStyle[sdk=iphonesimulator*]" = UIStatusBarStyleDefault;
				INFOPLIST_KEY_UISupportedInterfaceOrientations = UIInterfaceOrientationPortrait;
				INFOPLIST_KEY_UISupportedInterfaceOrientations_iPad = "UIInterfaceOrientationLandscapeLeft UIInterfaceOrientationLandscapeRight UIInterfaceOrientationPortrait UIInterfaceOrientationPortraitUpsideDown";
				IPHONEOS_DEPLOYMENT_TARGET = 14;
				"IPHONEOS_DEPLOYMENT_TARGET[sdk=iphoneos*]" = 14;
				LD_RUNPATH_SEARCH_PATHS = "@executable_path/Frameworks";
				"LD_RUNPATH_SEARCH_PATHS[sdk=macosx*]" = "@executable_path/../Frameworks";
				MACOSX_DEPLOYMENT_TARGET = 14.6;
				MARKETING_VERSION = 5.5.5;
				PRODUCT_BUNDLE_IDENTIFIER = Canglong.GenshinPizzaHepler;
				PRODUCT_NAME = "Pizza Helper";
				SDKROOT = auto;
				SUPPORTED_PLATFORMS = "iphoneos iphonesimulator";
				SUPPORTS_MACCATALYST = YES;
				SWIFT_EMIT_LOC_STRINGS = YES;
				TARGETED_DEVICE_FAMILY = "1,2";
				XROS_DEPLOYMENT_TARGET = 2.0;
			};
			name = Debug;
		};
		5B10D7FE2CC6636E00245B77 /* Release */ = {
			isa = XCBuildConfiguration;
			buildSettings = {
				ASSETCATALOG_COMPILER_APPICON_NAME = AppIcon;
				ASSETCATALOG_COMPILER_GLOBAL_ACCENT_COLOR_NAME = AccentColor;
				CODE_SIGN_ENTITLEMENTS = ThePizzaHelper/ThePizzaHelper.entitlements;
				CODE_SIGN_IDENTITY = "Apple Development";
				CODE_SIGN_STYLE = Automatic;
				CURRENT_PROJECT_VERSION = 5797;
				DEVELOPMENT_ASSET_PATHS = "\"ThePizzaHelper/Preview Content\"";
				ENABLE_APP_SANDBOX = YES;
				ENABLE_HARDENED_RUNTIME = YES;
				ENABLE_OUTGOING_NETWORK_CONNECTIONS = YES;
				ENABLE_PREVIEWS = YES;
				ENABLE_USER_SELECTED_FILES = readwrite;
				GENERATE_INFOPLIST_FILE = YES;
				INFOPLIST_FILE = ThePizzaHelper/Info.plist;
				INFOPLIST_KEY_CFBundleDisplayName = "Pizza Helper";
				INFOPLIST_KEY_ITSAppUsesNonExemptEncryption = NO;
				INFOPLIST_KEY_LSApplicationCategoryType = "public.app-category.utilities";
				INFOPLIST_KEY_NSHumanReadableCopyright = "(c) 2024 and onwards Pizza Studio (AGPL v3.0 License or later).";
				INFOPLIST_KEY_NSPhotoLibraryAddUsageDescription = "This permission allows this app to write generated images to Photos library when user requested this app to do, including QR Codes, etc.";
				INFOPLIST_KEY_NSSupportsLiveActivities = YES;
				"INFOPLIST_KEY_UIApplicationSceneManifest_Generation[sdk=iphoneos*]" = YES;
				"INFOPLIST_KEY_UIApplicationSceneManifest_Generation[sdk=iphonesimulator*]" = YES;
				"INFOPLIST_KEY_UIApplicationSupportsIndirectInputEvents[sdk=iphoneos*]" = YES;
				"INFOPLIST_KEY_UIApplicationSupportsIndirectInputEvents[sdk=iphonesimulator*]" = YES;
				"INFOPLIST_KEY_UILaunchScreen_Generation[sdk=iphoneos*]" = YES;
				"INFOPLIST_KEY_UILaunchScreen_Generation[sdk=iphonesimulator*]" = YES;
				"INFOPLIST_KEY_UIStatusBarStyle[sdk=iphoneos*]" = UIStatusBarStyleDefault;
				"INFOPLIST_KEY_UIStatusBarStyle[sdk=iphonesimulator*]" = UIStatusBarStyleDefault;
				INFOPLIST_KEY_UISupportedInterfaceOrientations = UIInterfaceOrientationPortrait;
				INFOPLIST_KEY_UISupportedInterfaceOrientations_iPad = "UIInterfaceOrientationLandscapeLeft UIInterfaceOrientationLandscapeRight UIInterfaceOrientationPortrait UIInterfaceOrientationPortraitUpsideDown";
				IPHONEOS_DEPLOYMENT_TARGET = 14;
				"IPHONEOS_DEPLOYMENT_TARGET[sdk=iphoneos*]" = 14;
				LD_RUNPATH_SEARCH_PATHS = "@executable_path/Frameworks";
				"LD_RUNPATH_SEARCH_PATHS[sdk=macosx*]" = "@executable_path/../Frameworks";
				MACOSX_DEPLOYMENT_TARGET = 14.6;
				MARKETING_VERSION = 5.5.5;
				PRODUCT_BUNDLE_IDENTIFIER = Canglong.GenshinPizzaHepler;
				PRODUCT_NAME = "Pizza Helper";
				SDKROOT = auto;
				SUPPORTED_PLATFORMS = "iphoneos iphonesimulator";
				SUPPORTS_MACCATALYST = YES;
				SWIFT_EMIT_LOC_STRINGS = YES;
				TARGETED_DEVICE_FAMILY = "1,2";
				XROS_DEPLOYMENT_TARGET = 2.0;
			};
			name = Release;
		};
		5B258C8D2CCE890500131992 /* Debug */ = {
			isa = XCBuildConfiguration;
			buildSettings = {
				ASSETCATALOG_COMPILER_GLOBAL_ACCENT_COLOR_NAME = AccentColor;
				ASSETCATALOG_COMPILER_WIDGET_BACKGROUND_COLOR_NAME = WidgetBackground;
				CODE_SIGN_ENTITLEMENTS = WatchExtension/PizzaWatchAppExtension.entitlements;
				CODE_SIGN_IDENTITY = "Apple Development";
				CODE_SIGN_STYLE = Automatic;
				CURRENT_PROJECT_VERSION = 5797;
				GENERATE_INFOPLIST_FILE = YES;
				INFOPLIST_FILE = WatchExtension/Info.plist;
				INFOPLIST_KEY_CFBundleDisplayName = WatchExtension;
				INFOPLIST_KEY_NSHumanReadableCopyright = "";
				INFOPLIST_KEY_NSSupportsLiveActivities = YES;
				LD_RUNPATH_SEARCH_PATHS = (
					"$(inherited)",
					"@executable_path/Frameworks",
					"@executable_path/../../Frameworks",
					"@executable_path/../../../../Frameworks",
				);
				MARKETING_VERSION = 5.5.5;
				PRODUCT_BUNDLE_IDENTIFIER = Canglong.GenshinPizzaHepler.WatchApp.watchkitextension;
				PRODUCT_NAME = "$(TARGET_NAME)";
				SDKROOT = watchos;
				SKIP_INSTALL = YES;
				SWIFT_EMIT_LOC_STRINGS = YES;
				TARGETED_DEVICE_FAMILY = 4;
				WATCHOS_DEPLOYMENT_TARGET = 9.2;
			};
			name = Debug;
		};
		5B258C8E2CCE890500131992 /* Release */ = {
			isa = XCBuildConfiguration;
			buildSettings = {
				ASSETCATALOG_COMPILER_GLOBAL_ACCENT_COLOR_NAME = AccentColor;
				ASSETCATALOG_COMPILER_WIDGET_BACKGROUND_COLOR_NAME = WidgetBackground;
				CODE_SIGN_ENTITLEMENTS = WatchExtension/PizzaWatchAppExtension.entitlements;
				CODE_SIGN_IDENTITY = "Apple Development";
				CODE_SIGN_STYLE = Automatic;
				CURRENT_PROJECT_VERSION = 5797;
				GENERATE_INFOPLIST_FILE = YES;
				INFOPLIST_FILE = WatchExtension/Info.plist;
				INFOPLIST_KEY_CFBundleDisplayName = WatchExtension;
				INFOPLIST_KEY_NSHumanReadableCopyright = "";
				INFOPLIST_KEY_NSSupportsLiveActivities = YES;
				LD_RUNPATH_SEARCH_PATHS = (
					"$(inherited)",
					"@executable_path/Frameworks",
					"@executable_path/../../Frameworks",
					"@executable_path/../../../../Frameworks",
				);
				MARKETING_VERSION = 5.5.5;
				PRODUCT_BUNDLE_IDENTIFIER = Canglong.GenshinPizzaHepler.WatchApp.watchkitextension;
				PRODUCT_NAME = "$(TARGET_NAME)";
				SDKROOT = watchos;
				SKIP_INSTALL = YES;
				SWIFT_EMIT_LOC_STRINGS = YES;
				TARGETED_DEVICE_FAMILY = 4;
				VALIDATE_PRODUCT = YES;
				WATCHOS_DEPLOYMENT_TARGET = 9.2;
			};
			name = Release;
		};
		5B6F380E2CCE4EDE0081A23D /* Debug */ = {
			isa = XCBuildConfiguration;
			buildSettings = {
				ASSETCATALOG_COMPILER_APPICON_NAME = AppIcon;
				ASSETCATALOG_COMPILER_GLOBAL_ACCENT_COLOR_NAME = AccentColor;
				CODE_SIGN_ENTITLEMENTS = WatchApp/PizzaWatchApp.entitlements;
				CODE_SIGN_IDENTITY = "Apple Development";
				CODE_SIGN_STYLE = Automatic;
				CURRENT_PROJECT_VERSION = 5797;
				DEVELOPMENT_ASSET_PATHS = "WatchApp/Preview\\ Content";
				ENABLE_PREVIEWS = YES;
				GENERATE_INFOPLIST_FILE = YES;
				INFOPLIST_FILE = "WatchApp/PizzaWatchApp-Info.plist";
				INFOPLIST_KEY_CFBundleDisplayName = "Pizza Helper Watch App";
				INFOPLIST_KEY_NSSupportsLiveActivities = YES;
				INFOPLIST_KEY_UISupportedInterfaceOrientations = "UIInterfaceOrientationPortrait UIInterfaceOrientationPortraitUpsideDown";
				INFOPLIST_KEY_WKCompanionAppBundleIdentifier = Canglong.GenshinPizzaHepler;
				LD_RUNPATH_SEARCH_PATHS = (
					"$(inherited)",
					"@executable_path/Frameworks",
				);
				MARKETING_VERSION = 5.5.5;
				PRODUCT_BUNDLE_IDENTIFIER = Canglong.GenshinPizzaHepler.WatchApp;
				PRODUCT_NAME = "$(TARGET_NAME)";
				SDKROOT = watchos;
				SKIP_INSTALL = YES;
				SWIFT_EMIT_LOC_STRINGS = YES;
				TARGETED_DEVICE_FAMILY = 4;
				WATCHOS_DEPLOYMENT_TARGET = 9.2;
			};
			name = Debug;
		};
		5B6F380F2CCE4EDE0081A23D /* Release */ = {
			isa = XCBuildConfiguration;
			buildSettings = {
				ASSETCATALOG_COMPILER_APPICON_NAME = AppIcon;
				ASSETCATALOG_COMPILER_GLOBAL_ACCENT_COLOR_NAME = AccentColor;
				CODE_SIGN_ENTITLEMENTS = WatchApp/PizzaWatchApp.entitlements;
				CODE_SIGN_IDENTITY = "Apple Development";
				CODE_SIGN_STYLE = Automatic;
				CURRENT_PROJECT_VERSION = 5797;
				DEVELOPMENT_ASSET_PATHS = "WatchApp/Preview\\ Content";
				ENABLE_PREVIEWS = YES;
				GENERATE_INFOPLIST_FILE = YES;
				INFOPLIST_FILE = "WatchApp/PizzaWatchApp-Info.plist";
				INFOPLIST_KEY_CFBundleDisplayName = "Pizza Helper Watch App";
				INFOPLIST_KEY_NSSupportsLiveActivities = YES;
				INFOPLIST_KEY_UISupportedInterfaceOrientations = "UIInterfaceOrientationPortrait UIInterfaceOrientationPortraitUpsideDown";
				INFOPLIST_KEY_WKCompanionAppBundleIdentifier = Canglong.GenshinPizzaHepler;
				LD_RUNPATH_SEARCH_PATHS = (
					"$(inherited)",
					"@executable_path/Frameworks",
				);
				MARKETING_VERSION = 5.5.5;
				PRODUCT_BUNDLE_IDENTIFIER = Canglong.GenshinPizzaHepler.WatchApp;
				PRODUCT_NAME = "$(TARGET_NAME)";
				SDKROOT = watchos;
				SKIP_INSTALL = YES;
				SWIFT_EMIT_LOC_STRINGS = YES;
				TARGETED_DEVICE_FAMILY = 4;
				VALIDATE_PRODUCT = YES;
				WATCHOS_DEPLOYMENT_TARGET = 9.2;
			};
			name = Release;
		};
		5BB139352E1F892500D1F169 /* Debug */ = {
			isa = XCBuildConfiguration;
			buildSettings = {
				CODE_SIGN_ENTITLEMENTS = INIntents4iOS16/INIntents4iOS16.entitlements;
				CODE_SIGN_IDENTITY = "Apple Development";
				CODE_SIGN_STYLE = Automatic;
				CURRENT_PROJECT_VERSION = 5797;
				GENERATE_INFOPLIST_FILE = YES;
				INFOPLIST_FILE = INIntents4iOS16/Info.plist;
				INFOPLIST_KEY_CFBundleDisplayName = INIntents4iOS16;
				INFOPLIST_KEY_NSHumanReadableCopyright = "";
				IPHONEOS_DEPLOYMENT_TARGET = 16.0;
				LD_RUNPATH_SEARCH_PATHS = (
					"$(inherited)",
					"@executable_path/Frameworks",
					"@executable_path/../../Frameworks",
				);
				MARKETING_VERSION = 5.5.5;
				PRODUCT_BUNDLE_IDENTIFIER = Canglong.GenshinPizzaHepler.INIntents4iOS16;
				PRODUCT_NAME = "$(TARGET_NAME)";
				SDKROOT = iphoneos;
				SKIP_INSTALL = YES;
				SUPPORTED_PLATFORMS = "iphoneos iphonesimulator";
				SUPPORTS_MACCATALYST = YES;
				SUPPORTS_MAC_DESIGNED_FOR_IPHONE_IPAD = NO;
				SUPPORTS_XR_DESIGNED_FOR_IPHONE_IPAD = NO;
				SWIFT_EMIT_LOC_STRINGS = YES;
				SWIFT_VERSION = 5.0;
				TARGETED_DEVICE_FAMILY = "1,2";
			};
			name = Debug;
		};
		5BB139362E1F892500D1F169 /* Release */ = {
			isa = XCBuildConfiguration;
			buildSettings = {
				CODE_SIGN_ENTITLEMENTS = INIntents4iOS16/INIntents4iOS16.entitlements;
				CODE_SIGN_IDENTITY = "Apple Development";
				CODE_SIGN_STYLE = Automatic;
				CURRENT_PROJECT_VERSION = 5797;
				GENERATE_INFOPLIST_FILE = YES;
				INFOPLIST_FILE = INIntents4iOS16/Info.plist;
				INFOPLIST_KEY_CFBundleDisplayName = INIntents4iOS16;
				INFOPLIST_KEY_NSHumanReadableCopyright = "";
				IPHONEOS_DEPLOYMENT_TARGET = 16.0;
				LD_RUNPATH_SEARCH_PATHS = (
					"$(inherited)",
					"@executable_path/Frameworks",
					"@executable_path/../../Frameworks",
				);
				MARKETING_VERSION = 5.5.5;
				PRODUCT_BUNDLE_IDENTIFIER = Canglong.GenshinPizzaHepler.INIntents4iOS16;
				PRODUCT_NAME = "$(TARGET_NAME)";
				SDKROOT = iphoneos;
				SKIP_INSTALL = YES;
				SUPPORTED_PLATFORMS = "iphoneos iphonesimulator";
				SUPPORTS_MACCATALYST = YES;
				SUPPORTS_MAC_DESIGNED_FOR_IPHONE_IPAD = NO;
				SUPPORTS_XR_DESIGNED_FOR_IPHONE_IPAD = NO;
				SWIFT_EMIT_LOC_STRINGS = YES;
				SWIFT_VERSION = 5.0;
				TARGETED_DEVICE_FAMILY = "1,2";
				VALIDATE_PRODUCT = YES;
			};
			name = Release;
		};
		5BD744402CC6B265007DE385 /* Debug */ = {
			isa = XCBuildConfiguration;
			buildSettings = {
				ASSETCATALOG_COMPILER_GLOBAL_ACCENT_COLOR_NAME = AccentColor;
				ASSETCATALOG_COMPILER_WIDGET_BACKGROUND_COLOR_NAME = WidgetBackground;
				CODE_SIGN_ENTITLEMENTS = WidgetExtension/WidgetExtension.entitlements;
				CODE_SIGN_IDENTITY = "Apple Development";
				CODE_SIGN_STYLE = Automatic;
				CURRENT_PROJECT_VERSION = 5797;
				ENABLE_APP_SANDBOX = YES;
				ENABLE_OUTGOING_NETWORK_CONNECTIONS = YES;
				GENERATE_INFOPLIST_FILE = YES;
				INFOPLIST_FILE = WidgetExtension/Info.plist;
				INFOPLIST_KEY_CFBundleDisplayName = WidgetExtension;
				INFOPLIST_KEY_NSHumanReadableCopyright = "";
				INFOPLIST_KEY_NSSupportsLiveActivities = YES;
				IPHONEOS_DEPLOYMENT_TARGET = 16.0;
				LD_RUNPATH_SEARCH_PATHS = (
					"$(inherited)",
					"@executable_path/Frameworks",
					"@executable_path/../../Frameworks",
				);
				MARKETING_VERSION = 5.5.5;
				PRODUCT_BUNDLE_IDENTIFIER = Canglong.GenshinPizzaHepler.ResinStatusWidget;
				PRODUCT_NAME = "$(TARGET_NAME)";
				SDKROOT = iphoneos;
				SKIP_INSTALL = YES;
				SUPPORTED_PLATFORMS = "iphoneos iphonesimulator";
				SUPPORTS_MACCATALYST = YES;
				SUPPORTS_MAC_DESIGNED_FOR_IPHONE_IPAD = NO;
				SUPPORTS_XR_DESIGNED_FOR_IPHONE_IPAD = NO;
				SWIFT_EMIT_LOC_STRINGS = YES;
				TARGETED_DEVICE_FAMILY = "1,2";
				WATCHOS_DEPLOYMENT_TARGET = 10.6;
			};
			name = Debug;
		};
		5BD744412CC6B265007DE385 /* Release */ = {
			isa = XCBuildConfiguration;
			buildSettings = {
				ASSETCATALOG_COMPILER_GLOBAL_ACCENT_COLOR_NAME = AccentColor;
				ASSETCATALOG_COMPILER_WIDGET_BACKGROUND_COLOR_NAME = WidgetBackground;
				CODE_SIGN_ENTITLEMENTS = WidgetExtension/WidgetExtension.entitlements;
				CODE_SIGN_IDENTITY = "Apple Development";
				CODE_SIGN_STYLE = Automatic;
				CURRENT_PROJECT_VERSION = 5797;
				ENABLE_APP_SANDBOX = YES;
				ENABLE_OUTGOING_NETWORK_CONNECTIONS = YES;
				GENERATE_INFOPLIST_FILE = YES;
				INFOPLIST_FILE = WidgetExtension/Info.plist;
				INFOPLIST_KEY_CFBundleDisplayName = WidgetExtension;
				INFOPLIST_KEY_NSHumanReadableCopyright = "";
				INFOPLIST_KEY_NSSupportsLiveActivities = YES;
				IPHONEOS_DEPLOYMENT_TARGET = 16.0;
				LD_RUNPATH_SEARCH_PATHS = (
					"$(inherited)",
					"@executable_path/Frameworks",
					"@executable_path/../../Frameworks",
				);
				MARKETING_VERSION = 5.5.5;
				PRODUCT_BUNDLE_IDENTIFIER = Canglong.GenshinPizzaHepler.ResinStatusWidget;
				PRODUCT_NAME = "$(TARGET_NAME)";
				SDKROOT = iphoneos;
				SKIP_INSTALL = YES;
				SUPPORTED_PLATFORMS = "iphoneos iphonesimulator";
				SUPPORTS_MACCATALYST = YES;
				SUPPORTS_MAC_DESIGNED_FOR_IPHONE_IPAD = NO;
				SUPPORTS_XR_DESIGNED_FOR_IPHONE_IPAD = NO;
				SWIFT_EMIT_LOC_STRINGS = YES;
				TARGETED_DEVICE_FAMILY = "1,2";
				VALIDATE_PRODUCT = YES;
				WATCHOS_DEPLOYMENT_TARGET = 10.6;
			};
			name = Release;
		};
		5BFD6B9B2C628CDA000A63E9 /* Debug */ = {
			isa = XCBuildConfiguration;
			buildSettings = {
				ALWAYS_SEARCH_USER_PATHS = NO;
				ASSETCATALOG_COMPILER_GENERATE_SWIFT_ASSET_SYMBOL_EXTENSIONS = YES;
				CLANG_ANALYZER_LOCALIZABILITY_NONLOCALIZED = YES;
				CLANG_ANALYZER_NONNULL = YES;
				CLANG_ANALYZER_NUMBER_OBJECT_CONVERSION = YES_AGGRESSIVE;
				CLANG_CXX_LANGUAGE_STANDARD = "gnu++20";
				CLANG_ENABLE_MODULES = YES;
				CLANG_ENABLE_OBJC_ARC = YES;
				CLANG_ENABLE_OBJC_WEAK = YES;
				CLANG_WARN_BLOCK_CAPTURE_AUTORELEASING = YES;
				CLANG_WARN_BOOL_CONVERSION = YES;
				CLANG_WARN_COMMA = YES;
				CLANG_WARN_CONSTANT_CONVERSION = YES;
				CLANG_WARN_DEPRECATED_OBJC_IMPLEMENTATIONS = YES;
				CLANG_WARN_DIRECT_OBJC_ISA_USAGE = YES_ERROR;
				CLANG_WARN_DOCUMENTATION_COMMENTS = YES;
				CLANG_WARN_EMPTY_BODY = YES;
				CLANG_WARN_ENUM_CONVERSION = YES;
				CLANG_WARN_INFINITE_RECURSION = YES;
				CLANG_WARN_INT_CONVERSION = YES;
				CLANG_WARN_NON_LITERAL_NULL_CONVERSION = YES;
				CLANG_WARN_OBJC_IMPLICIT_RETAIN_SELF = YES;
				CLANG_WARN_OBJC_LITERAL_CONVERSION = YES;
				CLANG_WARN_OBJC_ROOT_CLASS = YES_ERROR;
				CLANG_WARN_QUOTED_INCLUDE_IN_FRAMEWORK_HEADER = YES;
				CLANG_WARN_RANGE_LOOP_ANALYSIS = YES;
				CLANG_WARN_STRICT_PROTOTYPES = YES;
				CLANG_WARN_SUSPICIOUS_MOVE = YES;
				CLANG_WARN_UNGUARDED_AVAILABILITY = YES_AGGRESSIVE;
				CLANG_WARN_UNREACHABLE_CODE = YES;
				CLANG_WARN__DUPLICATE_METHOD_MATCH = YES;
				COPY_PHASE_STRIP = NO;
				DEAD_CODE_STRIPPING = YES;
				DEBUG_INFORMATION_FORMAT = "dwarf-with-dsym";
				DEVELOPMENT_TEAM = 45Z6V4YD5U;
				ENABLE_STRICT_OBJC_MSGSEND = YES;
				ENABLE_TESTABILITY = YES;
				ENABLE_USER_SCRIPT_SANDBOXING = NO;
				GCC_C_LANGUAGE_STANDARD = gnu17;
				GCC_DYNAMIC_NO_PIC = NO;
				GCC_NO_COMMON_BLOCKS = YES;
				GCC_OPTIMIZATION_LEVEL = 0;
				GCC_PREPROCESSOR_DEFINITIONS = (
					"DEBUG=1",
					"$(inherited)",
				);
				GCC_WARN_64_TO_32_BIT_CONVERSION = YES;
				GCC_WARN_ABOUT_RETURN_TYPE = YES_ERROR;
				GCC_WARN_UNDECLARED_SELECTOR = YES;
				GCC_WARN_UNINITIALIZED_AUTOS = YES_AGGRESSIVE;
				GCC_WARN_UNUSED_FUNCTION = YES;
				GCC_WARN_UNUSED_VARIABLE = YES;
				IPHONEOS_DEPLOYMENT_TARGET = 17.1;
				LOCALIZATION_PREFERS_STRING_CATALOGS = YES;
				MACOSX_DEPLOYMENT_TARGET = 14.1;
				MTL_ENABLE_DEBUG_INFO = INCLUDE_SOURCE;
				MTL_FAST_MATH = YES;
				ONLY_ACTIVE_ARCH = YES;
				SDKROOT = macosx;
				STRING_CATALOG_GENERATE_SYMBOLS = YES;
				SWIFT_ACTIVE_COMPILATION_CONDITIONS = "DEBUG $(inherited)";
				SWIFT_EMIT_LOC_STRINGS = YES;
				SWIFT_OPTIMIZATION_LEVEL = "-Onone";
				SWIFT_VERSION = 6.0;
			};
			name = Debug;
		};
		5BFD6B9C2C628CDA000A63E9 /* Release */ = {
			isa = XCBuildConfiguration;
			buildSettings = {
				ALWAYS_SEARCH_USER_PATHS = NO;
				ASSETCATALOG_COMPILER_GENERATE_SWIFT_ASSET_SYMBOL_EXTENSIONS = YES;
				CLANG_ANALYZER_LOCALIZABILITY_NONLOCALIZED = YES;
				CLANG_ANALYZER_NONNULL = YES;
				CLANG_ANALYZER_NUMBER_OBJECT_CONVERSION = YES_AGGRESSIVE;
				CLANG_CXX_LANGUAGE_STANDARD = "gnu++20";
				CLANG_ENABLE_MODULES = YES;
				CLANG_ENABLE_OBJC_ARC = YES;
				CLANG_ENABLE_OBJC_WEAK = YES;
				CLANG_WARN_BLOCK_CAPTURE_AUTORELEASING = YES;
				CLANG_WARN_BOOL_CONVERSION = YES;
				CLANG_WARN_COMMA = YES;
				CLANG_WARN_CONSTANT_CONVERSION = YES;
				CLANG_WARN_DEPRECATED_OBJC_IMPLEMENTATIONS = YES;
				CLANG_WARN_DIRECT_OBJC_ISA_USAGE = YES_ERROR;
				CLANG_WARN_DOCUMENTATION_COMMENTS = YES;
				CLANG_WARN_EMPTY_BODY = YES;
				CLANG_WARN_ENUM_CONVERSION = YES;
				CLANG_WARN_INFINITE_RECURSION = YES;
				CLANG_WARN_INT_CONVERSION = YES;
				CLANG_WARN_NON_LITERAL_NULL_CONVERSION = YES;
				CLANG_WARN_OBJC_IMPLICIT_RETAIN_SELF = YES;
				CLANG_WARN_OBJC_LITERAL_CONVERSION = YES;
				CLANG_WARN_OBJC_ROOT_CLASS = YES_ERROR;
				CLANG_WARN_QUOTED_INCLUDE_IN_FRAMEWORK_HEADER = YES;
				CLANG_WARN_RANGE_LOOP_ANALYSIS = YES;
				CLANG_WARN_STRICT_PROTOTYPES = YES;
				CLANG_WARN_SUSPICIOUS_MOVE = YES;
				CLANG_WARN_UNGUARDED_AVAILABILITY = YES_AGGRESSIVE;
				CLANG_WARN_UNREACHABLE_CODE = YES;
				CLANG_WARN__DUPLICATE_METHOD_MATCH = YES;
				COPY_PHASE_STRIP = NO;
				DEAD_CODE_STRIPPING = YES;
				DEBUG_INFORMATION_FORMAT = "dwarf-with-dsym";
				DEVELOPMENT_TEAM = 45Z6V4YD5U;
				ENABLE_NS_ASSERTIONS = NO;
				ENABLE_STRICT_OBJC_MSGSEND = YES;
				ENABLE_USER_SCRIPT_SANDBOXING = NO;
				GCC_C_LANGUAGE_STANDARD = gnu17;
				GCC_NO_COMMON_BLOCKS = YES;
				GCC_WARN_64_TO_32_BIT_CONVERSION = YES;
				GCC_WARN_ABOUT_RETURN_TYPE = YES_ERROR;
				GCC_WARN_UNDECLARED_SELECTOR = YES;
				GCC_WARN_UNINITIALIZED_AUTOS = YES_AGGRESSIVE;
				GCC_WARN_UNUSED_FUNCTION = YES;
				GCC_WARN_UNUSED_VARIABLE = YES;
				IPHONEOS_DEPLOYMENT_TARGET = 17.1;
				LOCALIZATION_PREFERS_STRING_CATALOGS = YES;
				MACOSX_DEPLOYMENT_TARGET = 14.1;
				MTL_ENABLE_DEBUG_INFO = NO;
				MTL_FAST_MATH = YES;
				SDKROOT = macosx;
				STRING_CATALOG_GENERATE_SYMBOLS = YES;
				SWIFT_COMPILATION_MODE = wholemodule;
				SWIFT_EMIT_LOC_STRINGS = YES;
				SWIFT_VERSION = 6.0;
			};
			name = Release;
		};
		5BFD6B9E2C628CDA000A63E9 /* Debug */ = {
			isa = XCBuildConfiguration;
			buildSettings = {
				ASSETCATALOG_COMPILER_APPICON_NAME = AppIcon;
				ASSETCATALOG_COMPILER_GLOBAL_ACCENT_COLOR_NAME = AccentColor;
				CODE_SIGN_ENTITLEMENTS = UnitedPizzaHelperEngine/UnitedPizzaHelperEngine.entitlements;
				"CODE_SIGN_IDENTITY[sdk=macosx*]" = "Apple Development";
				CODE_SIGN_STYLE = Automatic;
				COMBINE_HIDPI_IMAGES = YES;
				CURRENT_PROJECT_VERSION = 5797;
				DEAD_CODE_STRIPPING = YES;
				DEVELOPMENT_ASSET_PATHS = "\"UnitedPizzaHelperEngine/Preview Content\"";
				ENABLE_APP_SANDBOX = YES;
				ENABLE_HARDENED_RUNTIME = YES;
				ENABLE_OUTGOING_NETWORK_CONNECTIONS = YES;
				ENABLE_PREVIEWS = YES;
				ENABLE_RESOURCE_ACCESS_PHOTO_LIBRARY = YES;
				ENABLE_USER_SELECTED_FILES = readwrite;
				GENERATE_INFOPLIST_FILE = YES;
				INFOPLIST_FILE = UnitedPizzaHelperEngine/Info.plist;
				INFOPLIST_KEY_CFBundleDisplayName = "United Pizza Engine";
				INFOPLIST_KEY_ITSAppUsesNonExemptEncryption = NO;
				INFOPLIST_KEY_LSApplicationCategoryType = "public.app-category.utilities";
				INFOPLIST_KEY_NSHumanReadableCopyright = "(c) 2024 and onwards Pizza Studio (AGPL v3.0 License or later).";
				INFOPLIST_KEY_NSPhotoLibraryAddUsageDescription = "This permission allows this app to write generated images to Photos library when user requested this app to do, including QR Codes, etc.";
				INFOPLIST_KEY_NSSupportsLiveActivities = YES;
				INFOPLIST_KEY_UISupportedInterfaceOrientations = UIInterfaceOrientationPortrait;
				INFOPLIST_KEY_UISupportedInterfaceOrientations_iPad = "UIInterfaceOrientationLandscapeLeft UIInterfaceOrientationLandscapeRight UIInterfaceOrientationPortrait UIInterfaceOrientationPortraitUpsideDown";
				IPHONEOS_DEPLOYMENT_TARGET = 14;
				"IPHONEOS_DEPLOYMENT_TARGET[sdk=iphoneos*]" = 14;
				LD_RUNPATH_SEARCH_PATHS = (
					"$(inherited)",
					"@executable_path/../Frameworks",
				);
				MACOSX_DEPLOYMENT_TARGET = 14.0;
				MARKETING_VERSION = 5.5.5;
				PRODUCT_BUNDLE_IDENTIFIER = org.pizzastudio.UnitedPizzaHelper;
				PRODUCT_NAME = "United Pizza Engine";
				REGISTER_APP_GROUPS = YES;
				SUPPORTED_PLATFORMS = "iphoneos iphonesimulator macosx";
				SUPPORTS_MACCATALYST = YES;
				SUPPORTS_MAC_DESIGNED_FOR_IPHONE_IPAD = NO;
				SWIFT_EMIT_LOC_STRINGS = YES;
				TARGETED_DEVICE_FAMILY = "1,2";
			};
			name = Debug;
		};
		5BFD6B9F2C628CDA000A63E9 /* Release */ = {
			isa = XCBuildConfiguration;
			buildSettings = {
				ASSETCATALOG_COMPILER_APPICON_NAME = AppIcon;
				ASSETCATALOG_COMPILER_GLOBAL_ACCENT_COLOR_NAME = AccentColor;
				CODE_SIGN_ENTITLEMENTS = UnitedPizzaHelperEngine/UnitedPizzaHelperEngine.entitlements;
				"CODE_SIGN_IDENTITY[sdk=macosx*]" = "Apple Development";
				CODE_SIGN_STYLE = Automatic;
				COMBINE_HIDPI_IMAGES = YES;
				CURRENT_PROJECT_VERSION = 5797;
				DEAD_CODE_STRIPPING = YES;
				DEVELOPMENT_ASSET_PATHS = "\"UnitedPizzaHelperEngine/Preview Content\"";
				ENABLE_APP_SANDBOX = YES;
				ENABLE_HARDENED_RUNTIME = YES;
				ENABLE_OUTGOING_NETWORK_CONNECTIONS = YES;
				ENABLE_PREVIEWS = YES;
				ENABLE_RESOURCE_ACCESS_PHOTO_LIBRARY = YES;
				ENABLE_USER_SELECTED_FILES = readwrite;
				GENERATE_INFOPLIST_FILE = YES;
				INFOPLIST_FILE = UnitedPizzaHelperEngine/Info.plist;
				INFOPLIST_KEY_CFBundleDisplayName = "United Pizza Engine";
				INFOPLIST_KEY_ITSAppUsesNonExemptEncryption = NO;
				INFOPLIST_KEY_LSApplicationCategoryType = "public.app-category.utilities";
				INFOPLIST_KEY_NSHumanReadableCopyright = "(c) 2024 and onwards Pizza Studio (AGPL v3.0 License or later).";
				INFOPLIST_KEY_NSPhotoLibraryAddUsageDescription = "This permission allows this app to write generated images to Photos library when user requested this app to do, including QR Codes, etc.";
				INFOPLIST_KEY_NSSupportsLiveActivities = YES;
				INFOPLIST_KEY_UISupportedInterfaceOrientations = UIInterfaceOrientationPortrait;
				INFOPLIST_KEY_UISupportedInterfaceOrientations_iPad = "UIInterfaceOrientationLandscapeLeft UIInterfaceOrientationLandscapeRight UIInterfaceOrientationPortrait UIInterfaceOrientationPortraitUpsideDown";
				IPHONEOS_DEPLOYMENT_TARGET = 14;
				"IPHONEOS_DEPLOYMENT_TARGET[sdk=iphoneos*]" = 14;
				LD_RUNPATH_SEARCH_PATHS = (
					"$(inherited)",
					"@executable_path/../Frameworks",
				);
				MACOSX_DEPLOYMENT_TARGET = 14.0;
				MARKETING_VERSION = 5.5.5;
				PRODUCT_BUNDLE_IDENTIFIER = org.pizzastudio.UnitedPizzaHelper;
				PRODUCT_NAME = "United Pizza Engine";
				REGISTER_APP_GROUPS = YES;
				SUPPORTED_PLATFORMS = "iphoneos iphonesimulator macosx";
				SUPPORTS_MACCATALYST = YES;
				SUPPORTS_MAC_DESIGNED_FOR_IPHONE_IPAD = NO;
				SWIFT_EMIT_LOC_STRINGS = YES;
				TARGETED_DEVICE_FAMILY = "1,2";
			};
			name = Release;
		};
/* End XCBuildConfiguration section */

/* Begin XCConfigurationList section */
		5B10D7FF2CC6636E00245B77 /* Build configuration list for PBXNativeTarget "ThePizzaHelper" */ = {
			isa = XCConfigurationList;
			buildConfigurations = (
				5B10D7FD2CC6636E00245B77 /* Debug */,
				5B10D7FE2CC6636E00245B77 /* Release */,
			);
			defaultConfigurationIsVisible = 0;
			defaultConfigurationName = Release;
		};
		5B258C8F2CCE890500131992 /* Build configuration list for PBXNativeTarget "PizzaWatchAppExtension" */ = {
			isa = XCConfigurationList;
			buildConfigurations = (
				5B258C8D2CCE890500131992 /* Debug */,
				5B258C8E2CCE890500131992 /* Release */,
			);
			defaultConfigurationIsVisible = 0;
			defaultConfigurationName = Release;
		};
		5B6F38102CCE4EDE0081A23D /* Build configuration list for PBXNativeTarget "PizzaWatchApp" */ = {
			isa = XCConfigurationList;
			buildConfigurations = (
				5B6F380E2CCE4EDE0081A23D /* Debug */,
				5B6F380F2CCE4EDE0081A23D /* Release */,
			);
			defaultConfigurationIsVisible = 0;
			defaultConfigurationName = Release;
		};
		5BB139372E1F892500D1F169 /* Build configuration list for PBXNativeTarget "INIntents4iOS16" */ = {
			isa = XCConfigurationList;
			buildConfigurations = (
				5BB139352E1F892500D1F169 /* Debug */,
				5BB139362E1F892500D1F169 /* Release */,
			);
			defaultConfigurationIsVisible = 0;
			defaultConfigurationName = Release;
		};
		5BD744422CC6B265007DE385 /* Build configuration list for PBXNativeTarget "WidgetExtension" */ = {
			isa = XCConfigurationList;
			buildConfigurations = (
				5BD744402CC6B265007DE385 /* Debug */,
				5BD744412CC6B265007DE385 /* Release */,
			);
			defaultConfigurationIsVisible = 0;
			defaultConfigurationName = Release;
		};
		5BFD6B872C628CD8000A63E9 /* Build configuration list for PBXProject "UnitedPizzaHelper" */ = {
			isa = XCConfigurationList;
			buildConfigurations = (
				5BFD6B9B2C628CDA000A63E9 /* Debug */,
				5BFD6B9C2C628CDA000A63E9 /* Release */,
			);
			defaultConfigurationIsVisible = 0;
			defaultConfigurationName = Release;
		};
		5BFD6B9D2C628CDA000A63E9 /* Build configuration list for PBXNativeTarget "UnitedPizzaHelperEngine" */ = {
			isa = XCConfigurationList;
			buildConfigurations = (
				5BFD6B9E2C628CDA000A63E9 /* Debug */,
				5BFD6B9F2C628CDA000A63E9 /* Release */,
			);
			defaultConfigurationIsVisible = 0;
			defaultConfigurationName = Release;
		};
/* End XCConfigurationList section */

/* Begin XCRemoteSwiftPackageReference section */
		5BFCA05B2CCE002700F182C7 /* XCRemoteSwiftPackageReference "SFSafeSymbols" */ = {
			isa = XCRemoteSwiftPackageReference;
			repositoryURL = "https://github.com/SFSafeSymbols/SFSafeSymbols.git";
			requirement = {
				kind = upToNextMajorVersion;
				minimumVersion = 6.2.0;
			};
		};
		5BFCA05E2CCE003A00F182C7 /* XCRemoteSwiftPackageReference "Defaults" */ = {
			isa = XCRemoteSwiftPackageReference;
			repositoryURL = "https://github.com/sindresorhus/Defaults";
			requirement = {
				kind = upToNextMajorVersion;
				minimumVersion = 9.0.2;
			};
		};
/* End XCRemoteSwiftPackageReference section */

/* Begin XCSwiftPackageProductDependency section */
		5B0A42BE2CCE4F96004463D5 /* PZHelper-Watch */ = {
			isa = XCSwiftPackageProductDependency;
			productName = "PZHelper-Watch";
		};
		5B10D8142CC6667600245B77 /* PZHelper */ = {
			isa = XCSwiftPackageProductDependency;
			productName = PZHelper;
		};
		5B258E222CCE8A0500131992 /* Defaults */ = {
			isa = XCSwiftPackageProductDependency;
			package = 5BFCA05E2CCE003A00F182C7 /* XCRemoteSwiftPackageReference "Defaults" */;
			productName = Defaults;
		};
		5B258E242CCE8A0900131992 /* GITodayMaterialsKit */ = {
			isa = XCSwiftPackageProductDependency;
			productName = GITodayMaterialsKit;
		};
		5B258E262CCE8A0E00131992 /* PZAccountKit */ = {
			isa = XCSwiftPackageProductDependency;
			productName = PZAccountKit;
		};
		5B258E282CCE8A1300131992 /* PZBaseKit */ = {
			isa = XCSwiftPackageProductDependency;
			productName = PZBaseKit;
		};
		5B258E2A2CCE8A1700131992 /* PZInGameEventKit */ = {
			isa = XCSwiftPackageProductDependency;
			productName = PZInGameEventKit;
		};
		5B258E2C2CCE8A1900131992 /* SFSafeSymbols */ = {
			isa = XCSwiftPackageProductDependency;
			package = 5BFCA05B2CCE002700F182C7 /* XCRemoteSwiftPackageReference "SFSafeSymbols" */;
			productName = SFSafeSymbols;
		};
		5B258E2E2CCE8A1D00131992 /* WallpaperKit */ = {
			isa = XCSwiftPackageProductDependency;
			productName = WallpaperKit;
		};
		5BD0D0F42C6A653500DA8099 /* PZHelper */ = {
			isa = XCSwiftPackageProductDependency;
			productName = PZHelper;
		};
		5BDB94A32CDB57E100488574 /* PZWidgetsKit */ = {
			isa = XCSwiftPackageProductDependency;
			productName = PZWidgetsKit;
		};
		5BDB94A52CDB57E600488574 /* PZWidgetsKit */ = {
			isa = XCSwiftPackageProductDependency;
			productName = PZWidgetsKit;
		};
		5BF798302E1FAA8B00CBB24C /* Defaults */ = {
			isa = XCSwiftPackageProductDependency;
			package = 5BFCA05E2CCE003A00F182C7 /* XCRemoteSwiftPackageReference "Defaults" */;
			productName = Defaults;
		};
		5BF798322E1FAA9200CBB24C /* PZAccountKit */ = {
			isa = XCSwiftPackageProductDependency;
			productName = PZAccountKit;
		};
		5BF798342E1FAA9700CBB24C /* WallpaperKit */ = {
			isa = XCSwiftPackageProductDependency;
			productName = WallpaperKit;
		};
		5BF798382E1FAB0100CBB24C /* PZWidgetsKit */ = {
			isa = XCSwiftPackageProductDependency;
			productName = PZWidgetsKit;
		};
		5BFCA0532CCDFFE300F182C7 /* PZBaseKit */ = {
			isa = XCSwiftPackageProductDependency;
			productName = PZBaseKit;
		};
		5BFCA0552CCDFFEA00F182C7 /* PZAccountKit */ = {
			isa = XCSwiftPackageProductDependency;
			productName = PZAccountKit;
		};
		5BFCA0572CCDFFEE00F182C7 /* WallpaperKit */ = {
			isa = XCSwiftPackageProductDependency;
			productName = WallpaperKit;
		};
		5BFCA0592CCDFFFC00F182C7 /* PZInGameEventKit */ = {
			isa = XCSwiftPackageProductDependency;
			productName = PZInGameEventKit;
		};
		5BFCA05C2CCE002700F182C7 /* SFSafeSymbols */ = {
			isa = XCSwiftPackageProductDependency;
			package = 5BFCA05B2CCE002700F182C7 /* XCRemoteSwiftPackageReference "SFSafeSymbols" */;
			productName = SFSafeSymbols;
		};
		5BFCA05F2CCE003A00F182C7 /* Defaults */ = {
			isa = XCSwiftPackageProductDependency;
			package = 5BFCA05E2CCE003A00F182C7 /* XCRemoteSwiftPackageReference "Defaults" */;
			productName = Defaults;
		};
		5BFCA19A2CCE022200F182C7 /* GITodayMaterialsKit */ = {
			isa = XCSwiftPackageProductDependency;
			productName = GITodayMaterialsKit;
		};
/* End XCSwiftPackageProductDependency section */
	};
	rootObject = 5BFD6B842C628CD8000A63E9 /* Project object */;
}
