// !$*UTF8*$!
{
	archiveVersion = 1;
	classes = {
	};
	objectVersion = 56;
	objects = {

/* Begin PBXBuildFile section */
		5B2DC8292CC2A78A00958F85 /* PZInGameEventKit in Resources */ = {isa = PBXBuildFile; fileRef = 5B2DC8282CC2A78A00958F85 /* PZInGameEventKit */; };
		5B560A0F2C6BB5BB00175FB1 /* InfoPlist.xcstrings in Resources */ = {isa = PBXBuildFile; fileRef = 5B560A0E2C6BB5BB00175FB1 /* InfoPlist.xcstrings */; };
		5B560A192C6BBB8300175FB1 /* Settings.bundle in Resources */ = {isa = PBXBuildFile; fileRef = 5B560A172C6BBB8300175FB1 /* Settings.bundle */; };
		5BD0D0F52C6A653500DA8099 /* PZHelper in Frameworks */ = {isa = PBXBuildFile; productRef = 5BD0D0F42C6A653500DA8099 /* PZHelper */; };
		5BDA29DC2C69EE5F009640D1 /* Localizable.xcstrings in Resources */ = {isa = PBXBuildFile; fileRef = 5BDA29DB2C69EE5F009640D1 /* Localizable.xcstrings */; };
		5BFB9D2A2C6BBCE700DC648F /* PrivacyInfo.xcprivacy in Resources */ = {isa = PBXBuildFile; fileRef = 5BFB9D292C6BBCE700DC648F /* PrivacyInfo.xcprivacy */; };
		5BFD6B902C628CD8000A63E9 /* UnitedPizzaHelperApp.swift in Sources */ = {isa = PBXBuildFile; fileRef = 5BFD6B8F2C628CD8000A63E9 /* UnitedPizzaHelperApp.swift */; };
		5BFD6B962C628CDA000A63E9 /* Assets.xcassets in Resources */ = {isa = PBXBuildFile; fileRef = 5BFD6B952C628CDA000A63E9 /* Assets.xcassets */; };
		5BFD6B992C628CDA000A63E9 /* Preview Assets.xcassets in Resources */ = {isa = PBXBuildFile; fileRef = 5BFD6B982C628CDA000A63E9 /* Preview Assets.xcassets */; };
		5BFD6BAF2C628EE5000A63E9 /* LICENSE in Resources */ = {isa = PBXBuildFile; fileRef = 5BFD6BAB2C628EDA000A63E9 /* LICENSE */; };
/* End PBXBuildFile section */

/* Begin PBXFileReference section */
		5B1641342C8320D600C4698C /* PZDictionaryKit */ = {isa = PBXFileReference; lastKnownFileType = wrapper; path = PZDictionaryKit; sourceTree = "<group>"; };
		5B2DC8282CC2A78A00958F85 /* PZInGameEventKit */ = {isa = PBXFileReference; lastKnownFileType = wrapper; path = PZInGameEventKit; sourceTree = "<group>"; };
		5B4CDE852C8482D700298C69 /* PZHoYoLabKit */ = {isa = PBXFileReference; lastKnownFileType = wrapper; path = PZHoYoLabKit; sourceTree = "<group>"; };
		5B560A0E2C6BB5BB00175FB1 /* InfoPlist.xcstrings */ = {isa = PBXFileReference; lastKnownFileType = text.json.xcstrings; path = InfoPlist.xcstrings; sourceTree = "<group>"; };
		5B560A162C6BB64300175FB1 /* Info.plist */ = {isa = PBXFileReference; lastKnownFileType = text.plist.xml; path = Info.plist; sourceTree = "<group>"; };
		5B560A172C6BBB8300175FB1 /* Settings.bundle */ = {isa = PBXFileReference; lastKnownFileType = "wrapper.plug-in"; path = Settings.bundle; sourceTree = "<group>"; };
		5B978A8F2C8D8DF60000EB61 /* GITodayMaterialsKit */ = {isa = PBXFileReference; lastKnownFileType = wrapper; path = GITodayMaterialsKit; sourceTree = "<group>"; };
		5BCAFCE12C8C5B2600347A09 /* AbyssRankKit */ = {isa = PBXFileReference; lastKnownFileType = wrapper; path = AbyssRankKit; sourceTree = "<group>"; };
		5BD0D0F22C6A633700DA8099 /* PZHelper */ = {isa = PBXFileReference; lastKnownFileType = wrapper; path = PZHelper; sourceTree = "<group>"; };
		5BD0D0F32C6A633700DA8099 /* PZHelper-Watch */ = {isa = PBXFileReference; lastKnownFileType = wrapper; path = "PZHelper-Watch"; sourceTree = "<group>"; };
		5BDA29DB2C69EE5F009640D1 /* Localizable.xcstrings */ = {isa = PBXFileReference; lastKnownFileType = text.json.xcstrings; path = Localizable.xcstrings; sourceTree = "<group>"; };
		5BDDF26A2C75FEB8006D4BFE /* heic_sips.sh */ = {isa = PBXFileReference; lastKnownFileType = text.script.sh; path = heic_sips.sh; sourceTree = "<group>"; };
		5BDDF26C2C75FEB8006D4BFE /* _assetUpdate4GI.sh */ = {isa = PBXFileReference; lastKnownFileType = text.script.sh; path = _assetUpdate4GI.sh; sourceTree = "<group>"; };
		5BDDF26D2C75FEB8006D4BFE /* _assetUpdate4HSR.sh */ = {isa = PBXFileReference; lastKnownFileType = text.script.sh; path = _assetUpdate4HSR.sh; sourceTree = "<group>"; };
		5BDDF26E2C75FEB8006D4BFE /* convertAssetsToHEIC.sh */ = {isa = PBXFileReference; lastKnownFileType = text.script.sh; path = convertAssetsToHEIC.sh; sourceTree = "<group>"; };
		5BDDF26F2C75FEB8006D4BFE /* GI_ImageAssetRegenerator.swift */ = {isa = PBXFileReference; lastKnownFileType = sourcecode.swift; path = GI_ImageAssetRegenerator.swift; sourceTree = "<group>"; };
		5BDDF2702C75FEB8006D4BFE /* GI_RawAssetsPuller.swift */ = {isa = PBXFileReference; lastKnownFileType = sourcecode.swift; path = GI_RawAssetsPuller.swift; sourceTree = "<group>"; };
		5BDDF2712C75FEB8006D4BFE /* HSR_ImageAssetRegenerator.swift */ = {isa = PBXFileReference; lastKnownFileType = sourcecode.swift; path = HSR_ImageAssetRegenerator.swift; sourceTree = "<group>"; };
		5BDDF2722C75FEB8006D4BFE /* HSR_RawAssetsPuller.swift */ = {isa = PBXFileReference; lastKnownFileType = sourcecode.swift; path = HSR_RawAssetsPuller.swift; sourceTree = "<group>"; };
		5BDDF2732C75FEB8006D4BFE /* WallpaperAssetCollector.swift */ = {isa = PBXFileReference; lastKnownFileType = sourcecode.swift; path = WallpaperAssetCollector.swift; sourceTree = "<group>"; };
		5BDDF2752C7601AA006D4BFE /* EnkaKit */ = {isa = PBXFileReference; lastKnownFileType = wrapper; path = EnkaKit; sourceTree = "<group>"; };
		5BDDF2762C7601AA006D4BFE /* GachaKit */ = {isa = PBXFileReference; lastKnownFileType = wrapper; path = GachaKit; sourceTree = "<group>"; };
		5BDDF2772C760281006D4BFE /* WallpaperKit */ = {isa = PBXFileReference; lastKnownFileType = wrapper; path = WallpaperKit; sourceTree = "<group>"; };
		5BF32D8C2C62A2E4008C9949 /* PZKit */ = {isa = PBXFileReference; lastKnownFileType = wrapper; path = PZKit; sourceTree = "<group>"; };
		5BFB9D292C6BBCE700DC648F /* PrivacyInfo.xcprivacy */ = {isa = PBXFileReference; lastKnownFileType = text.xml; path = PrivacyInfo.xcprivacy; sourceTree = "<group>"; };
		5BFD6B8C2C628CD8000A63E9 /* United Pizza Engine.app */ = {isa = PBXFileReference; explicitFileType = wrapper.application; includeInIndex = 0; path = "United Pizza Engine.app"; sourceTree = BUILT_PRODUCTS_DIR; };
		5BFD6B8F2C628CD8000A63E9 /* UnitedPizzaHelperApp.swift */ = {isa = PBXFileReference; lastKnownFileType = sourcecode.swift; path = UnitedPizzaHelperApp.swift; sourceTree = "<group>"; };
		5BFD6B952C628CDA000A63E9 /* Assets.xcassets */ = {isa = PBXFileReference; lastKnownFileType = folder.assetcatalog; path = Assets.xcassets; sourceTree = "<group>"; };
		5BFD6B982C628CDA000A63E9 /* Preview Assets.xcassets */ = {isa = PBXFileReference; lastKnownFileType = folder.assetcatalog; path = "Preview Assets.xcassets"; sourceTree = "<group>"; };
		5BFD6B9A2C628CDA000A63E9 /* UnitedPizzaHelperEngine.entitlements */ = {isa = PBXFileReference; lastKnownFileType = text.plist.entitlements; path = UnitedPizzaHelperEngine.entitlements; sourceTree = "<group>"; };
		5BFD6BA92C628EDA000A63E9 /* README.md */ = {isa = PBXFileReference; fileEncoding = 4; lastKnownFileType = net.daringfireball.markdown; path = README.md; sourceTree = "<group>"; };
		5BFD6BAA2C628EDA000A63E9 /* Makefile */ = {isa = PBXFileReference; fileEncoding = 4; lastKnownFileType = sourcecode.make; path = Makefile; sourceTree = "<group>"; };
		5BFD6BAB2C628EDA000A63E9 /* LICENSE */ = {isa = PBXFileReference; fileEncoding = 4; lastKnownFileType = text; path = LICENSE; sourceTree = "<group>"; };
/* End PBXFileReference section */

/* Begin PBXFrameworksBuildPhase section */
		5BFD6B892C628CD8000A63E9 /* Frameworks */ = {
			isa = PBXFrameworksBuildPhase;
			buildActionMask = 2147483647;
			files = (
				5BD0D0F52C6A653500DA8099 /* PZHelper in Frameworks */,
			);
			runOnlyForDeploymentPostprocessing = 0;
		};
/* End PBXFrameworksBuildPhase section */

/* Begin PBXGroup section */
		5B2A65F92C69204600BAEE7E /* Frameworks */ = {
			isa = PBXGroup;
			children = (
			);
			name = Frameworks;
			sourceTree = "<group>";
		};
		5B560A182C6BBB8300175FB1 /* SharedBundles */ = {
			isa = PBXGroup;
			children = (
				5B560A172C6BBB8300175FB1 /* Settings.bundle */,
				5BFB9D292C6BBCE700DC648F /* PrivacyInfo.xcprivacy */,
			);
			path = SharedBundles;
			sourceTree = "<group>";
		};
		5BDDF26B2C75FEB8006D4BFE /* utils */ = {
			isa = PBXGroup;
			children = (
				5BDDF26A2C75FEB8006D4BFE /* heic_sips.sh */,
			);
			path = utils;
			sourceTree = "<group>";
		};
		5BDDF2742C75FEB8006D4BFE /* Script */ = {
			isa = PBXGroup;
			children = (
				5BDDF26B2C75FEB8006D4BFE /* utils */,
				5BDDF26C2C75FEB8006D4BFE /* _assetUpdate4GI.sh */,
				5BDDF26D2C75FEB8006D4BFE /* _assetUpdate4HSR.sh */,
				5BDDF26E2C75FEB8006D4BFE /* convertAssetsToHEIC.sh */,
				5BDDF26F2C75FEB8006D4BFE /* GI_ImageAssetRegenerator.swift */,
				5BDDF2702C75FEB8006D4BFE /* GI_RawAssetsPuller.swift */,
				5BDDF2712C75FEB8006D4BFE /* HSR_ImageAssetRegenerator.swift */,
				5BDDF2722C75FEB8006D4BFE /* HSR_RawAssetsPuller.swift */,
				5BDDF2732C75FEB8006D4BFE /* WallpaperAssetCollector.swift */,
			);
			path = Script;
			sourceTree = "<group>";
		};
		5BF32D8D2C62A2E4008C9949 /* Packages */ = {
			isa = PBXGroup;
			children = (
				5BCAFCE12C8C5B2600347A09 /* AbyssRankKit */,
				5BDDF2752C7601AA006D4BFE /* EnkaKit */,
				5BDDF2762C7601AA006D4BFE /* GachaKit */,
				5B978A8F2C8D8DF60000EB61 /* GITodayMaterialsKit */,
				5B1641342C8320D600C4698C /* PZDictionaryKit */,
				5BD0D0F22C6A633700DA8099 /* PZHelper */,
				5BD0D0F32C6A633700DA8099 /* PZHelper-Watch */,
				5B4CDE852C8482D700298C69 /* PZHoYoLabKit */,
				5B2DC8282CC2A78A00958F85 /* PZInGameEventKit */,
				5BF32D8C2C62A2E4008C9949 /* PZKit */,
				5BDDF2772C760281006D4BFE /* WallpaperKit */,
			);
			path = Packages;
			sourceTree = "<group>";
		};
		5BFD6B832C628CD8000A63E9 = {
			isa = PBXGroup;
			children = (
				5BF32D8D2C62A2E4008C9949 /* Packages */,
				5BFD6BA82C628ECD000A63E9 /* RepoRoot */,
				5BFD6B8E2C628CD8000A63E9 /* UnitedPizzaHelperEngine */,
				5B2A65F92C69204600BAEE7E /* Frameworks */,
				5BFD6B8D2C628CD8000A63E9 /* Products */,
				5B560A182C6BBB8300175FB1 /* SharedBundles */,
			);
			sourceTree = "<group>";
		};
		5BFD6B8D2C628CD8000A63E9 /* Products */ = {
			isa = PBXGroup;
			children = (
				5BFD6B8C2C628CD8000A63E9 /* United Pizza Engine.app */,
			);
			name = Products;
			sourceTree = "<group>";
		};
		5BFD6B8E2C628CD8000A63E9 /* UnitedPizzaHelperEngine */ = {
			isa = PBXGroup;
			children = (
				5B560A162C6BB64300175FB1 /* Info.plist */,
				5BFD6B8F2C628CD8000A63E9 /* UnitedPizzaHelperApp.swift */,
				5BFD6B952C628CDA000A63E9 /* Assets.xcassets */,
				5BFD6B9A2C628CDA000A63E9 /* UnitedPizzaHelperEngine.entitlements */,
				5BFD6B972C628CDA000A63E9 /* Preview Content */,
				5BDA29DB2C69EE5F009640D1 /* Localizable.xcstrings */,
				5B560A0E2C6BB5BB00175FB1 /* InfoPlist.xcstrings */,
			);
			path = UnitedPizzaHelperEngine;
			sourceTree = "<group>";
		};
		5BFD6B972C628CDA000A63E9 /* Preview Content */ = {
			isa = PBXGroup;
			children = (
				5BFD6B982C628CDA000A63E9 /* Preview Assets.xcassets */,
			);
			path = "Preview Content";
			sourceTree = "<group>";
		};
		5BFD6BA82C628ECD000A63E9 /* RepoRoot */ = {
			isa = PBXGroup;
			children = (
				5BFD6BAB2C628EDA000A63E9 /* LICENSE */,
				5BFD6BAA2C628EDA000A63E9 /* Makefile */,
				5BFD6BA92C628EDA000A63E9 /* README.md */,
				5BDDF2742C75FEB8006D4BFE /* Script */,
			);
			name = RepoRoot;
			sourceTree = "<group>";
		};
/* End PBXGroup section */

/* Begin PBXNativeTarget section */
		5BFD6B8B2C628CD8000A63E9 /* UnitedPizzaHelperEngine */ = {
			isa = PBXNativeTarget;
			buildConfigurationList = 5BFD6B9D2C628CDA000A63E9 /* Build configuration list for PBXNativeTarget "UnitedPizzaHelperEngine" */;
			buildPhases = (
				5BB3A4E72C69232400653C89 /* SwiftFormat */,
				5BFD6B882C628CD8000A63E9 /* Sources */,
				5BFD6B892C628CD8000A63E9 /* Frameworks */,
				5BFD6B8A2C628CD8000A63E9 /* Resources */,
			);
			buildRules = (
			);
			dependencies = (
			);
			name = UnitedPizzaHelperEngine;
			packageProductDependencies = (
				5BD0D0F42C6A653500DA8099 /* PZHelper */,
			);
			productName = UnitedPizzaHelperEngine;
			productReference = 5BFD6B8C2C628CD8000A63E9 /* United Pizza Engine.app */;
			productType = "com.apple.product-type.application";
		};
/* End PBXNativeTarget section */

/* Begin PBXProject section */
		5BFD6B842C628CD8000A63E9 /* Project object */ = {
			isa = PBXProject;
			attributes = {
				BuildIndependentTargetsInParallel = 1;
				LastSwiftUpdateCheck = 1530;
				LastUpgradeCheck = 1600;
				TargetAttributes = {
					5BFD6B8B2C628CD8000A63E9 = {
						CreatedOnToolsVersion = 15.3;
					};
				};
			};
			buildConfigurationList = 5BFD6B872C628CD8000A63E9 /* Build configuration list for PBXProject "UnitedPizzaHelper" */;
			compatibilityVersion = "Xcode 14.0";
			developmentRegion = en;
			hasScannedForEncodings = 0;
			knownRegions = (
				en,
				"zh-Hans",
				"zh-Hant",
				ja,
				Base,
			);
			mainGroup = 5BFD6B832C628CD8000A63E9;
			packageReferences = (
			);
			productRefGroup = 5BFD6B8D2C628CD8000A63E9 /* Products */;
			projectDirPath = "";
			projectRoot = "";
			targets = (
				5BFD6B8B2C628CD8000A63E9 /* UnitedPizzaHelperEngine */,
			);
		};
/* End PBXProject section */

/* Begin PBXResourcesBuildPhase section */
		5BFD6B8A2C628CD8000A63E9 /* Resources */ = {
			isa = PBXResourcesBuildPhase;
			buildActionMask = 2147483647;
			files = (
				5B560A0F2C6BB5BB00175FB1 /* InfoPlist.xcstrings in Resources */,
				5BFB9D2A2C6BBCE700DC648F /* PrivacyInfo.xcprivacy in Resources */,
				5BFD6BAF2C628EE5000A63E9 /* LICENSE in Resources */,
				5BFD6B992C628CDA000A63E9 /* Preview Assets.xcassets in Resources */,
				5BDA29DC2C69EE5F009640D1 /* Localizable.xcstrings in Resources */,
				5B2DC8292CC2A78A00958F85 /* PZInGameEventKit in Resources */,
				5B560A192C6BBB8300175FB1 /* Settings.bundle in Resources */,
				5BFD6B962C628CDA000A63E9 /* Assets.xcassets in Resources */,
			);
			runOnlyForDeploymentPostprocessing = 0;
		};
/* End PBXResourcesBuildPhase section */

/* Begin PBXShellScriptBuildPhase section */
		5BB3A4E72C69232400653C89 /* SwiftFormat */ = {
			isa = PBXShellScriptBuildPhase;
			alwaysOutOfDate = 1;
			buildActionMask = 2147483647;
			files = (
			);
			inputFileListPaths = (
			);
			inputPaths = (
			);
			name = SwiftFormat;
			outputFileListPaths = (
			);
			outputPaths = (
			);
			runOnlyForDeploymentPostprocessing = 0;
			shellPath = /bin/sh;
			shellScript = "# Type a script or drag a script file from your workspace to insert its path.\nif [[ \"$(uname -m)\" == arm64 ]]; then\n    export PATH=\"/opt/homebrew/bin:$PATH\"\nfi\n\nif which swiftformat >/dev/null; then\n  swiftformat .\nelse\n  echo \"warning: SwiftFormat not installed, download from https://github.com/nicklockwood/SwiftFormat\"\nfi\n";
		};
/* End PBXShellScriptBuildPhase section */

/* Begin PBXSourcesBuildPhase section */
		5BFD6B882C628CD8000A63E9 /* Sources */ = {
			isa = PBXSourcesBuildPhase;
			buildActionMask = 2147483647;
			files = (
				5BFD6B902C628CD8000A63E9 /* UnitedPizzaHelperApp.swift in Sources */,
			);
			runOnlyForDeploymentPostprocessing = 0;
		};
/* End PBXSourcesBuildPhase section */

/* Begin XCBuildConfiguration section */
		5BFD6B9B2C628CDA000A63E9 /* Debug */ = {
			isa = XCBuildConfiguration;
			buildSettings = {
				ALWAYS_SEARCH_USER_PATHS = NO;
				ASSETCATALOG_COMPILER_GENERATE_SWIFT_ASSET_SYMBOL_EXTENSIONS = YES;
				CLANG_ANALYZER_LOCALIZABILITY_NONLOCALIZED = YES;
				CLANG_ANALYZER_NONNULL = YES;
				CLANG_ANALYZER_NUMBER_OBJECT_CONVERSION = YES_AGGRESSIVE;
				CLANG_CXX_LANGUAGE_STANDARD = "gnu++20";
				CLANG_ENABLE_MODULES = YES;
				CLANG_ENABLE_OBJC_ARC = YES;
				CLANG_ENABLE_OBJC_WEAK = YES;
				CLANG_WARN_BLOCK_CAPTURE_AUTORELEASING = YES;
				CLANG_WARN_BOOL_CONVERSION = YES;
				CLANG_WARN_COMMA = YES;
				CLANG_WARN_CONSTANT_CONVERSION = YES;
				CLANG_WARN_DEPRECATED_OBJC_IMPLEMENTATIONS = YES;
				CLANG_WARN_DIRECT_OBJC_ISA_USAGE = YES_ERROR;
				CLANG_WARN_DOCUMENTATION_COMMENTS = YES;
				CLANG_WARN_EMPTY_BODY = YES;
				CLANG_WARN_ENUM_CONVERSION = YES;
				CLANG_WARN_INFINITE_RECURSION = YES;
				CLANG_WARN_INT_CONVERSION = YES;
				CLANG_WARN_NON_LITERAL_NULL_CONVERSION = YES;
				CLANG_WARN_OBJC_IMPLICIT_RETAIN_SELF = YES;
				CLANG_WARN_OBJC_LITERAL_CONVERSION = YES;
				CLANG_WARN_OBJC_ROOT_CLASS = YES_ERROR;
				CLANG_WARN_QUOTED_INCLUDE_IN_FRAMEWORK_HEADER = YES;
				CLANG_WARN_RANGE_LOOP_ANALYSIS = YES;
				CLANG_WARN_STRICT_PROTOTYPES = YES;
				CLANG_WARN_SUSPICIOUS_MOVE = YES;
				CLANG_WARN_UNGUARDED_AVAILABILITY = YES_AGGRESSIVE;
				CLANG_WARN_UNREACHABLE_CODE = YES;
				CLANG_WARN__DUPLICATE_METHOD_MATCH = YES;
				COPY_PHASE_STRIP = NO;
				DEAD_CODE_STRIPPING = YES;
				DEBUG_INFORMATION_FORMAT = dwarf;
				ENABLE_STRICT_OBJC_MSGSEND = YES;
				ENABLE_TESTABILITY = YES;
				ENABLE_USER_SCRIPT_SANDBOXING = NO;
				GCC_C_LANGUAGE_STANDARD = gnu17;
				GCC_DYNAMIC_NO_PIC = NO;
				GCC_NO_COMMON_BLOCKS = YES;
				GCC_OPTIMIZATION_LEVEL = 0;
				GCC_PREPROCESSOR_DEFINITIONS = (
					"DEBUG=1",
					"$(inherited)",
				);
				GCC_WARN_64_TO_32_BIT_CONVERSION = YES;
				GCC_WARN_ABOUT_RETURN_TYPE = YES_ERROR;
				GCC_WARN_UNDECLARED_SELECTOR = YES;
				GCC_WARN_UNINITIALIZED_AUTOS = YES_AGGRESSIVE;
				GCC_WARN_UNUSED_FUNCTION = YES;
				GCC_WARN_UNUSED_VARIABLE = YES;
				IPHONEOS_DEPLOYMENT_TARGET = 17.1;
				LOCALIZATION_PREFERS_STRING_CATALOGS = YES;
				MACOSX_DEPLOYMENT_TARGET = 14.1;
				MTL_ENABLE_DEBUG_INFO = INCLUDE_SOURCE;
				MTL_FAST_MATH = YES;
				ONLY_ACTIVE_ARCH = YES;
				SDKROOT = macosx;
				SWIFT_ACTIVE_COMPILATION_CONDITIONS = "DEBUG $(inherited)";
				SWIFT_EMIT_LOC_STRINGS = YES;
				SWIFT_OPTIMIZATION_LEVEL = "-Onone";
			};
			name = Debug;
		};
		5BFD6B9C2C628CDA000A63E9 /* Release */ = {
			isa = XCBuildConfiguration;
			buildSettings = {
				ALWAYS_SEARCH_USER_PATHS = NO;
				ASSETCATALOG_COMPILER_GENERATE_SWIFT_ASSET_SYMBOL_EXTENSIONS = YES;
				CLANG_ANALYZER_LOCALIZABILITY_NONLOCALIZED = YES;
				CLANG_ANALYZER_NONNULL = YES;
				CLANG_ANALYZER_NUMBER_OBJECT_CONVERSION = YES_AGGRESSIVE;
				CLANG_CXX_LANGUAGE_STANDARD = "gnu++20";
				CLANG_ENABLE_MODULES = YES;
				CLANG_ENABLE_OBJC_ARC = YES;
				CLANG_ENABLE_OBJC_WEAK = YES;
				CLANG_WARN_BLOCK_CAPTURE_AUTORELEASING = YES;
				CLANG_WARN_BOOL_CONVERSION = YES;
				CLANG_WARN_COMMA = YES;
				CLANG_WARN_CONSTANT_CONVERSION = YES;
				CLANG_WARN_DEPRECATED_OBJC_IMPLEMENTATIONS = YES;
				CLANG_WARN_DIRECT_OBJC_ISA_USAGE = YES_ERROR;
				CLANG_WARN_DOCUMENTATION_COMMENTS = YES;
				CLANG_WARN_EMPTY_BODY = YES;
				CLANG_WARN_ENUM_CONVERSION = YES;
				CLANG_WARN_INFINITE_RECURSION = YES;
				CLANG_WARN_INT_CONVERSION = YES;
				CLANG_WARN_NON_LITERAL_NULL_CONVERSION = YES;
				CLANG_WARN_OBJC_IMPLICIT_RETAIN_SELF = YES;
				CLANG_WARN_OBJC_LITERAL_CONVERSION = YES;
				CLANG_WARN_OBJC_ROOT_CLASS = YES_ERROR;
				CLANG_WARN_QUOTED_INCLUDE_IN_FRAMEWORK_HEADER = YES;
				CLANG_WARN_RANGE_LOOP_ANALYSIS = YES;
				CLANG_WARN_STRICT_PROTOTYPES = YES;
				CLANG_WARN_SUSPICIOUS_MOVE = YES;
				CLANG_WARN_UNGUARDED_AVAILABILITY = YES_AGGRESSIVE;
				CLANG_WARN_UNREACHABLE_CODE = YES;
				CLANG_WARN__DUPLICATE_METHOD_MATCH = YES;
				COPY_PHASE_STRIP = NO;
				DEAD_CODE_STRIPPING = YES;
				DEBUG_INFORMATION_FORMAT = "dwarf-with-dsym";
				ENABLE_NS_ASSERTIONS = NO;
				ENABLE_STRICT_OBJC_MSGSEND = YES;
				ENABLE_USER_SCRIPT_SANDBOXING = NO;
				GCC_C_LANGUAGE_STANDARD = gnu17;
				GCC_NO_COMMON_BLOCKS = YES;
				GCC_WARN_64_TO_32_BIT_CONVERSION = YES;
				GCC_WARN_ABOUT_RETURN_TYPE = YES_ERROR;
				GCC_WARN_UNDECLARED_SELECTOR = YES;
				GCC_WARN_UNINITIALIZED_AUTOS = YES_AGGRESSIVE;
				GCC_WARN_UNUSED_FUNCTION = YES;
				GCC_WARN_UNUSED_VARIABLE = YES;
				IPHONEOS_DEPLOYMENT_TARGET = 17.1;
				LOCALIZATION_PREFERS_STRING_CATALOGS = YES;
				MACOSX_DEPLOYMENT_TARGET = 14.1;
				MTL_ENABLE_DEBUG_INFO = NO;
				MTL_FAST_MATH = YES;
				SDKROOT = macosx;
				SWIFT_COMPILATION_MODE = wholemodule;
				SWIFT_EMIT_LOC_STRINGS = YES;
			};
			name = Release;
		};
		5BFD6B9E2C628CDA000A63E9 /* Debug */ = {
			isa = XCBuildConfiguration;
			buildSettings = {
				ASSETCATALOG_COMPILER_APPICON_NAME = AppIcon;
				ASSETCATALOG_COMPILER_GLOBAL_ACCENT_COLOR_NAME = AccentColor;
				CODE_SIGN_ENTITLEMENTS = UnitedPizzaHelperEngine/UnitedPizzaHelperEngine.entitlements;
				"CODE_SIGN_IDENTITY[sdk=macosx*]" = "Apple Development";
				CODE_SIGN_STYLE = Automatic;
				COMBINE_HIDPI_IMAGES = YES;
				CURRENT_PROJECT_VERSION = 845;
				DEAD_CODE_STRIPPING = YES;
				DEVELOPMENT_ASSET_PATHS = "\"UnitedPizzaHelperEngine/Preview Content\"";
				DEVELOPMENT_TEAM = 45Z6V4YD5U;
				ENABLE_HARDENED_RUNTIME = YES;
				ENABLE_PREVIEWS = YES;
				GENERATE_INFOPLIST_FILE = YES;
				INFOPLIST_FILE = UnitedPizzaHelperEngine/Info.plist;
				INFOPLIST_KEY_CFBundleDisplayName = "United Pizza Engine";
				INFOPLIST_KEY_LSApplicationCategoryType = "public.app-category.utilities";
				INFOPLIST_KEY_NSHumanReadableCopyright = "";
				INFOPLIST_KEY_UISupportedInterfaceOrientations = UIInterfaceOrientationPortrait;
				INFOPLIST_KEY_UISupportedInterfaceOrientations_iPad = "UIInterfaceOrientationLandscapeLeft UIInterfaceOrientationLandscapeRight UIInterfaceOrientationPortrait UIInterfaceOrientationPortraitUpsideDown";
				IPHONEOS_DEPLOYMENT_TARGET = 17.4;
				"IPHONEOS_DEPLOYMENT_TARGET[sdk=iphoneos*]" = 17.1;
				LD_RUNPATH_SEARCH_PATHS = (
					"$(inherited)",
					"@executable_path/../Frameworks",
				);
				MACOSX_DEPLOYMENT_TARGET = 14.1;
				MARKETING_VERSION = 0.1.0;
				PRODUCT_BUNDLE_IDENTIFIER = org.pizzastudio.UnitedPizzaHelper;
				PRODUCT_NAME = "United Pizza Engine";
				REGISTER_APP_GROUPS = NO;
				SUPPORTED_PLATFORMS = "iphoneos iphonesimulator";
				SUPPORTS_MACCATALYST = YES;
				SUPPORTS_MAC_DESIGNED_FOR_IPHONE_IPAD = NO;
				SWIFT_EMIT_LOC_STRINGS = YES;
				SWIFT_VERSION = 6.0;
				TARGETED_DEVICE_FAMILY = "1,2";
			};
			name = Debug;
		};
		5BFD6B9F2C628CDA000A63E9 /* Release */ = {
			isa = XCBuildConfiguration;
			buildSettings = {
				ASSETCATALOG_COMPILER_APPICON_NAME = AppIcon;
				ASSETCATALOG_COMPILER_GLOBAL_ACCENT_COLOR_NAME = AccentColor;
				CODE_SIGN_ENTITLEMENTS = UnitedPizzaHelperEngine/UnitedPizzaHelperEngine.entitlements;
				"CODE_SIGN_IDENTITY[sdk=macosx*]" = "Apple Development";
				CODE_SIGN_STYLE = Automatic;
				COMBINE_HIDPI_IMAGES = YES;
				CURRENT_PROJECT_VERSION = 845;
				DEAD_CODE_STRIPPING = YES;
				DEVELOPMENT_ASSET_PATHS = "\"UnitedPizzaHelperEngine/Preview Content\"";
				DEVELOPMENT_TEAM = 45Z6V4YD5U;
				ENABLE_HARDENED_RUNTIME = YES;
				ENABLE_PREVIEWS = YES;
				GENERATE_INFOPLIST_FILE = YES;
				INFOPLIST_FILE = UnitedPizzaHelperEngine/Info.plist;
				INFOPLIST_KEY_CFBundleDisplayName = "United Pizza Engine";
				INFOPLIST_KEY_LSApplicationCategoryType = "public.app-category.utilities";
				INFOPLIST_KEY_NSHumanReadableCopyright = "";
				INFOPLIST_KEY_UISupportedInterfaceOrientations = UIInterfaceOrientationPortrait;
				INFOPLIST_KEY_UISupportedInterfaceOrientations_iPad = "UIInterfaceOrientationLandscapeLeft UIInterfaceOrientationLandscapeRight UIInterfaceOrientationPortrait UIInterfaceOrientationPortraitUpsideDown";
				IPHONEOS_DEPLOYMENT_TARGET = 17.4;
				"IPHONEOS_DEPLOYMENT_TARGET[sdk=iphoneos*]" = 17.1;
				LD_RUNPATH_SEARCH_PATHS = (
					"$(inherited)",
					"@executable_path/../Frameworks",
				);
				MACOSX_DEPLOYMENT_TARGET = 14.1;
				MARKETING_VERSION = 0.1.0;
				PRODUCT_BUNDLE_IDENTIFIER = org.pizzastudio.UnitedPizzaHelper;
				PRODUCT_NAME = "United Pizza Engine";
				REGISTER_APP_GROUPS = NO;
				SUPPORTED_PLATFORMS = "iphoneos iphonesimulator";
				SUPPORTS_MACCATALYST = YES;
				SUPPORTS_MAC_DESIGNED_FOR_IPHONE_IPAD = NO;
				SWIFT_EMIT_LOC_STRINGS = YES;
				SWIFT_VERSION = 6.0;
				TARGETED_DEVICE_FAMILY = "1,2";
			};
			name = Release;
		};
/* End XCBuildConfiguration section */

/* Begin XCConfigurationList section */
		5BFD6B872C628CD8000A63E9 /* Build configuration list for PBXProject "UnitedPizzaHelper" */ = {
			isa = XCConfigurationList;
			buildConfigurations = (
				5BFD6B9B2C628CDA000A63E9 /* Debug */,
				5BFD6B9C2C628CDA000A63E9 /* Release */,
			);
			defaultConfigurationIsVisible = 0;
			defaultConfigurationName = Release;
		};
		5BFD6B9D2C628CDA000A63E9 /* Build configuration list for PBXNativeTarget "UnitedPizzaHelperEngine" */ = {
			isa = XCConfigurationList;
			buildConfigurations = (
				5BFD6B9E2C628CDA000A63E9 /* Debug */,
				5BFD6B9F2C628CDA000A63E9 /* Release */,
			);
			defaultConfigurationIsVisible = 0;
			defaultConfigurationName = Release;
		};
/* End XCConfigurationList section */

/* Begin XCSwiftPackageProductDependency section */
		5BD0D0F42C6A653500DA8099 /* PZHelper */ = {
			isa = XCSwiftPackageProductDependency;
			productName = PZHelper;
		};
/* End XCSwiftPackageProductDependency section */
	};
	rootObject = 5BFD6B842C628CD8000A63E9 /* Project object */;
}
